{
  "version": 4,
  "terraform_version": "1.10.5",
  "serial": 14,
  "lineage": "6ac72ec5-0c7b-ab4b-c7e0-5fc71a38be85",
  "outputs": {},
  "resources": [
    {
      "mode": "managed",
      "type": "aws_ami",
      "name": "ami_1",
      "provider": "provider[\"registry.terraform.io/hashicorp/aws\"]",
      "instances": [
        {
          "schema_version": 0,
          "attributes": {
            "architecture": "x86_64",
            "arn": "arn:aws:ec2:ap-south-1::image/ami-0b4197eb4f8f081d2",
            "boot_mode": "",
            "deprecation_time": "",
            "description": "",
            "ebs_block_device": [
              {
                "delete_on_termination": true,
                "device_name": "/dev/sda1",
                "encrypted": false,
                "iops": 3000,
                "outpost_arn": "",
                "snapshot_id": "snap-01f9823d648fd55d3",
                "throughput": 125,
                "volume_size": 300,
                "volume_type": "gp3"
              }
            ],
            "ena_support": true,
            "ephemeral_block_device": [],
            "hypervisor": "xen",
            "id": "ami-0b4197eb4f8f081d2",
            "image_location": "825194067279/sandbox-jenkins-14June2023",
            "image_owner_alias": "",
            "image_type": "machine",
            "imds_support": "",
            "kernel_id": "",
            "manage_ebs_snapshots": null,
            "name": "sandbox-jenkins-14June2023",
            "owner_id": "825194067279",
            "platform": "",
            "platform_details": "Linux/UNIX",
            "public": false,
            "ramdisk_id": "",
            "root_device_name": "/dev/sda1",
            "root_snapshot_id": "snap-01f9823d648fd55d3",
            "sriov_net_support": "simple",
            "tags": {
              "Name": "No delete"
            },
            "tags_all": {
              "Name": "No delete"
            },
            "timeouts": null,
            "tpm_support": "",
            "uefi_data": null,
            "usage_operation": "RunInstances",
            "virtualization_type": "hvm"
          },
          "sensitive_attributes": [],
          "private": "eyJlMmJmYjczMC1lY2FhLTExZTYtOGY4OC0zNDM2M2JjN2M0YzAiOnsiY3JlYXRlIjoyNDAwMDAwMDAwMDAwLCJkZWxldGUiOjU0MDAwMDAwMDAwMDAsInVwZGF0ZSI6MjQwMDAwMDAwMDAwMH0sInNjaGVtYV92ZXJzaW9uIjoiMCJ9"
        }
      ]
    },
    {
      "mode": "managed",
      "type": "aws_ami",
      "name": "ami_3",
      "provider": "provider[\"registry.terraform.io/hashicorp/aws\"]",
      "instances": [
        {
          "schema_version": 0,
          "attributes": {
            "architecture": "x86_64",
            "arn": "arn:aws:ec2:ap-south-1::image/ami-0d2c4d7756ad90945",
            "boot_mode": "",
            "deprecation_time": "",
            "description": "",
            "ebs_block_device": [
              {
                "delete_on_termination": true,
                "device_name": "/dev/sda1",
                "encrypted": false,
                "iops": 3000,
                "outpost_arn": "",
                "snapshot_id": "snap-0a1c0b0e8a6f47800",
                "throughput": 125,
                "volume_size": 30,
                "volume_type": "gp3"
              }
            ],
            "ena_support": true,
            "ephemeral_block_device": [],
            "hypervisor": "xen",
            "id": "ami-0d2c4d7756ad90945",
            "image_location": "825194067279/preprod-aerospike-19Sep2024",
            "image_owner_alias": "",
            "image_type": "machine",
            "imds_support": "",
            "kernel_id": "",
            "manage_ebs_snapshots": null,
            "name": "preprod-aerospike-19Sep2024",
            "owner_id": "825194067279",
            "platform": "",
            "platform_details": "Linux/UNIX",
            "public": false,
            "ramdisk_id": "",
            "root_device_name": "/dev/sda1",
            "root_snapshot_id": "snap-0a1c0b0e8a6f47800",
            "sriov_net_support": "simple",
            "tags": {},
            "tags_all": {},
            "timeouts": null,
            "tpm_support": "",
            "uefi_data": null,
            "usage_operation": "RunInstances",
            "virtualization_type": "hvm"
          },
          "sensitive_attributes": [],
          "private": "eyJlMmJmYjczMC1lY2FhLTExZTYtOGY4OC0zNDM2M2JjN2M0YzAiOnsiY3JlYXRlIjoyNDAwMDAwMDAwMDAwLCJkZWxldGUiOjU0MDAwMDAwMDAwMDAsInVwZGF0ZSI6MjQwMDAwMDAwMDAwMH0sInNjaGVtYV92ZXJzaW9uIjoiMCJ9"
        }
      ]
    },
    {
      "mode": "managed",
      "type": "aws_ami",
      "name": "ami_4",
      "provider": "provider[\"registry.terraform.io/hashicorp/aws\"]",
      "instances": [
        {
          "schema_version": 0,
          "attributes": {
            "architecture": "x86_64",
            "arn": "arn:aws:ec2:ap-south-1::image/ami-01f628f20de8163dd",
            "boot_mode": "",
            "deprecation_time": "",
            "description": "",
            "ebs_block_device": [
              {
                "delete_on_termination": true,
                "device_name": "/dev/sda1",
                "encrypted": false,
                "iops": 3000,
                "outpost_arn": "",
                "snapshot_id": "snap-0d73e37e82c123fc8",
                "throughput": 125,
                "volume_size": 300,
                "volume_type": "gp3"
              }
            ],
            "ena_support": true,
            "ephemeral_block_device": [],
            "hypervisor": "xen",
            "id": "ami-01f628f20de8163dd",
            "image_location": "825194067279/sandbox-jenkins-18June2023",
            "image_owner_alias": "",
            "image_type": "machine",
            "imds_support": "",
            "kernel_id": "",
            "manage_ebs_snapshots": null,
            "name": "sandbox-jenkins-18June2023",
            "owner_id": "825194067279",
            "platform": "",
            "platform_details": "Linux/UNIX",
            "public": false,
            "ramdisk_id": "",
            "root_device_name": "/dev/sda1",
            "root_snapshot_id": "snap-0d73e37e82c123fc8",
            "sriov_net_support": "simple",
            "tags": {},
            "tags_all": {},
            "timeouts": null,
            "tpm_support": "",
            "uefi_data": null,
            "usage_operation": "RunInstances",
            "virtualization_type": "hvm"
          },
          "sensitive_attributes": [],
          "private": "eyJlMmJmYjczMC1lY2FhLTExZTYtOGY4OC0zNDM2M2JjN2M0YzAiOnsiY3JlYXRlIjoyNDAwMDAwMDAwMDAwLCJkZWxldGUiOjU0MDAwMDAwMDAwMDAsInVwZGF0ZSI6MjQwMDAwMDAwMDAwMH0sInNjaGVtYV92ZXJzaW9uIjoiMCJ9"
        }
      ]
    },
    {
      "mode": "managed",
      "type": "aws_ami",
      "name": "ami_5",
      "provider": "provider[\"registry.terraform.io/hashicorp/aws\"]",
      "instances": [
        {
          "schema_version": 0,
          "attributes": {
            "architecture": "x86_64",
            "arn": "arn:aws:ec2:ap-south-1::image/ami-0a2c18eb9dce24502",
            "boot_mode": "",
            "deprecation_time": "",
            "description": "",
            "ebs_block_device": [
              {
                "delete_on_termination": true,
                "device_name": "/dev/sda1",
                "encrypted": false,
                "iops": 3000,
                "outpost_arn": "",
                "snapshot_id": "snap-0d359f23f4368d2b5",
                "throughput": 125,
                "volume_size": 30,
                "volume_type": "gp3"
              }
            ],
            "ena_support": true,
            "ephemeral_block_device": [],
            "hypervisor": "xen",
            "id": "ami-0a2c18eb9dce24502",
            "image_location": "825194067279/stage-aerospike-13June2023",
            "image_owner_alias": "",
            "image_type": "machine",
            "imds_support": "",
            "kernel_id": "",
            "manage_ebs_snapshots": null,
            "name": "stage-aerospike-13June2023",
            "owner_id": "825194067279",
            "platform": "",
            "platform_details": "Linux/UNIX",
            "public": false,
            "ramdisk_id": "",
            "root_device_name": "/dev/sda1",
            "root_snapshot_id": "snap-0d359f23f4368d2b5",
            "sriov_net_support": "simple",
            "tags": {},
            "tags_all": {},
            "timeouts": null,
            "tpm_support": "",
            "uefi_data": null,
            "usage_operation": "RunInstances",
            "virtualization_type": "hvm"
          },
          "sensitive_attributes": [],
          "private": "eyJlMmJmYjczMC1lY2FhLTExZTYtOGY4OC0zNDM2M2JjN2M0YzAiOnsiY3JlYXRlIjoyNDAwMDAwMDAwMDAwLCJkZWxldGUiOjU0MDAwMDAwMDAwMDAsInVwZGF0ZSI6MjQwMDAwMDAwMDAwMH0sInNjaGVtYV92ZXJzaW9uIjoiMCJ9"
        }
      ]
    },
    {
      "mode": "managed",
      "type": "aws_ami",
      "name": "ami_6",
      "provider": "provider[\"registry.terraform.io/hashicorp/aws\"]",
      "instances": [
        {
          "schema_version": 0,
          "attributes": {
            "architecture": "x86_64",
            "arn": "arn:aws:ec2:ap-south-1::image/ami-0566d774046c90759",
            "boot_mode": "",
            "deprecation_time": "",
            "description": "",
            "ebs_block_device": [
              {
                "delete_on_termination": true,
                "device_name": "/dev/sda1",
                "encrypted": false,
                "iops": 3000,
                "outpost_arn": "",
                "snapshot_id": "snap-0ebb0193b150b4df5",
                "throughput": 125,
                "volume_size": 15,
                "volume_type": "gp3"
              }
            ],
            "ena_support": true,
            "ephemeral_block_device": [],
            "hypervisor": "xen",
            "id": "ami-0566d774046c90759",
            "image_location": "825194067279/devsb-mysql-15June2023",
            "image_owner_alias": "",
            "image_type": "machine",
            "imds_support": "",
            "kernel_id": "",
            "manage_ebs_snapshots": null,
            "name": "devsb-mysql-15June2023",
            "owner_id": "825194067279",
            "platform": "",
            "platform_details": "Linux/UNIX",
            "public": false,
            "ramdisk_id": "",
            "root_device_name": "/dev/sda1",
            "root_snapshot_id": "snap-0ebb0193b150b4df5",
            "sriov_net_support": "simple",
            "tags": {},
            "tags_all": {},
            "timeouts": null,
            "tpm_support": "",
            "uefi_data": null,
            "usage_operation": "RunInstances",
            "virtualization_type": "hvm"
          },
          "sensitive_attributes": [],
          "private": "eyJlMmJmYjczMC1lY2FhLTExZTYtOGY4OC0zNDM2M2JjN2M0YzAiOnsiY3JlYXRlIjoyNDAwMDAwMDAwMDAwLCJkZWxldGUiOjU0MDAwMDAwMDAwMDAsInVwZGF0ZSI6MjQwMDAwMDAwMDAwMH0sInNjaGVtYV92ZXJzaW9uIjoiMCJ9"
        }
      ]
    },
    {
      "mode": "managed",
      "type": "aws_default_network_acl",
      "name": "acl_1",
      "provider": "provider[\"registry.terraform.io/hashicorp/aws\"]",
      "instances": [
        {
          "schema_version": 0,
          "attributes": {
            "arn": "arn:aws:ec2:ap-south-1:825194067279:network-acl/acl-0ae0d513aacfab8f3",
            "default_network_acl_id": "acl-0ae0d513aacfab8f3",
            "egress": [
              {
                "action": "allow",
                "cidr_block": "0.0.0.0/0",
                "from_port": 0,
                "icmp_code": 0,
                "icmp_type": 0,
                "ipv6_cidr_block": "",
                "protocol": "-1",
                "rule_no": 100,
                "to_port": 0
              }
            ],
            "id": "acl-0ae0d513aacfab8f3",
            "ingress": [
              {
                "action": "allow",
                "cidr_block": "0.0.0.0/0",
                "from_port": 0,
                "icmp_code": 0,
                "icmp_type": 0,
                "ipv6_cidr_block": "",
                "protocol": "-1",
                "rule_no": 100,
                "to_port": 0
              }
            ],
            "owner_id": "825194067279",
            "subnet_ids": [
              "subnet-05fa2bb1c842e9142",
              "subnet-0b1797afc11502503",
              "subnet-0c774b7cd9715edfc",
              "subnet-0f116239c380b9db4"
            ],
            "tags": {},
            "tags_all": {},
            "vpc_id": "vpc-085be47469caf6683"
          },
          "sensitive_attributes": [],
          "private": "eyJzY2hlbWFfdmVyc2lvbiI6IjAifQ=="
        }
      ]
    },
    {
      "mode": "managed",
      "type": "aws_default_network_acl",
      "name": "acl_2",
      "provider": "provider[\"registry.terraform.io/hashicorp/aws\"]",
      "instances": [
        {
          "schema_version": 0,
          "attributes": {
            "arn": "arn:aws:ec2:ap-south-1:825194067279:network-acl/acl-39bf1252",
            "default_network_acl_id": "acl-39bf1252",
            "egress": [
              {
                "action": "allow",
                "cidr_block": "0.0.0.0/0",
                "from_port": 0,
                "icmp_code": 0,
                "icmp_type": 0,
                "ipv6_cidr_block": "",
                "protocol": "-1",
                "rule_no": 100,
                "to_port": 0
              }
            ],
            "id": "acl-39bf1252",
            "ingress": [
              {
                "action": "allow",
                "cidr_block": "0.0.0.0/0",
                "from_port": 0,
                "icmp_code": 0,
                "icmp_type": 0,
                "ipv6_cidr_block": "",
                "protocol": "-1",
                "rule_no": 100,
                "to_port": 0
              }
            ],
            "owner_id": "825194067279",
            "subnet_ids": [
              "subnet-28b65543",
              "subnet-60ab301b",
              "subnet-62c0912e"
            ],
            "tags": {},
            "tags_all": {},
            "vpc_id": "vpc-ede21886"
          },
          "sensitive_attributes": [],
          "private": "eyJzY2hlbWFfdmVyc2lvbiI6IjAifQ=="
        }
      ]
    },
    {
      "mode": "managed",
      "type": "aws_ebs_snapshot",
      "name": "snap_1",
      "provider": "provider[\"registry.terraform.io/hashicorp/aws\"]",
      "instances": [
        {
          "schema_version": 0,
          "attributes": {
            "arn": "arn:aws:ec2:ap-south-1::snapshot/snap-0ebb0193b150b4df5",
            "data_encryption_key_id": "",
            "description": "Created by CreateImage(i-0ea9506fe9dbee52b) for ami-0566d774046c90759",
            "encrypted": false,
            "id": "snap-0ebb0193b150b4df5",
            "kms_key_id": "",
            "outpost_arn": "",
            "owner_alias": "",
            "owner_id": "825194067279",
            "permanent_restore": null,
            "storage_tier": "standard",
            "tags": {},
            "tags_all": {},
            "temporary_restore_days": null,
            "timeouts": null,
            "volume_id": "vol-0ed8e96dd52eb9508",
            "volume_size": 15
          },
          "sensitive_attributes": [],
          "private": "eyJlMmJmYjczMC1lY2FhLTExZTYtOGY4OC0zNDM2M2JjN2M0YzAiOnsiY3JlYXRlIjo2MDAwMDAwMDAwMDAsImRlbGV0ZSI6NjAwMDAwMDAwMDAwfSwic2NoZW1hX3ZlcnNpb24iOiIwIn0="
        }
      ]
    },
    {
      "mode": "managed",
      "type": "aws_ebs_snapshot",
      "name": "snap_2",
      "provider": "provider[\"registry.terraform.io/hashicorp/aws\"]",
      "instances": [
        {
          "schema_version": 0,
          "attributes": {
            "arn": "arn:aws:ec2:ap-south-1::snapshot/snap-01f9823d648fd55d3",
            "data_encryption_key_id": "",
            "description": "Created by CreateImage(i-0b55951675d247156) for ami-0b4197eb4f8f081d2",
            "encrypted": false,
            "id": "snap-01f9823d648fd55d3",
            "kms_key_id": "",
            "outpost_arn": "",
            "owner_alias": "",
            "owner_id": "825194067279",
            "permanent_restore": null,
            "storage_tier": "standard",
            "tags": {},
            "tags_all": {},
            "temporary_restore_days": null,
            "timeouts": null,
            "volume_id": "vol-0afe99f04811c5f25",
            "volume_size": 300
          },
          "sensitive_attributes": [],
          "private": "eyJlMmJmYjczMC1lY2FhLTExZTYtOGY4OC0zNDM2M2JjN2M0YzAiOnsiY3JlYXRlIjo2MDAwMDAwMDAwMDAsImRlbGV0ZSI6NjAwMDAwMDAwMDAwfSwic2NoZW1hX3ZlcnNpb24iOiIwIn0="
        }
      ]
    },
    {
      "mode": "managed",
      "type": "aws_ebs_snapshot",
      "name": "snap_3",
      "provider": "provider[\"registry.terraform.io/hashicorp/aws\"]",
      "instances": [
        {
          "schema_version": 0,
          "attributes": {
            "arn": "arn:aws:ec2:ap-south-1::snapshot/snap-0d359f23f4368d2b5",
            "data_encryption_key_id": "",
            "description": "Created by CreateImage(i-0593b4c327631143c) for ami-0a2c18eb9dce24502",
            "encrypted": false,
            "id": "snap-0d359f23f4368d2b5",
            "kms_key_id": "",
            "outpost_arn": "",
            "owner_alias": "",
            "owner_id": "825194067279",
            "permanent_restore": null,
            "storage_tier": "standard",
            "tags": {},
            "tags_all": {},
            "temporary_restore_days": null,
            "timeouts": null,
            "volume_id": "vol-0df63ed90632bb30b",
            "volume_size": 30
          },
          "sensitive_attributes": [],
          "private": "eyJlMmJmYjczMC1lY2FhLTExZTYtOGY4OC0zNDM2M2JjN2M0YzAiOnsiY3JlYXRlIjo2MDAwMDAwMDAwMDAsImRlbGV0ZSI6NjAwMDAwMDAwMDAwfSwic2NoZW1hX3ZlcnNpb24iOiIwIn0="
        }
      ]
    },
    {
      "mode": "managed",
      "type": "aws_ebs_snapshot",
      "name": "snap_4",
      "provider": "provider[\"registry.terraform.io/hashicorp/aws\"]",
      "instances": [
        {
          "schema_version": 0,
          "attributes": {
            "arn": "arn:aws:ec2:ap-south-1::snapshot/snap-0499cffc847a489e0",
            "data_encryption_key_id": "",
            "description": "Created by CreateImage(i-00cf648e86834d6ae) for ami-0ec2dccac1fad11f8",
            "encrypted": false,
            "id": "snap-0499cffc847a489e0",
            "kms_key_id": "",
            "outpost_arn": "",
            "owner_alias": "",
            "owner_id": "825194067279",
            "permanent_restore": null,
            "storage_tier": "standard",
            "tags": {},
            "tags_all": {},
            "temporary_restore_days": null,
            "timeouts": null,
            "volume_id": "vol-0186f7669748ec395",
            "volume_size": 20
          },
          "sensitive_attributes": [],
          "private": "eyJlMmJmYjczMC1lY2FhLTExZTYtOGY4OC0zNDM2M2JjN2M0YzAiOnsiY3JlYXRlIjo2MDAwMDAwMDAwMDAsImRlbGV0ZSI6NjAwMDAwMDAwMDAwfSwic2NoZW1hX3ZlcnNpb24iOiIwIn0="
        }
      ]
    },
    {
      "mode": "managed",
      "type": "aws_ebs_snapshot",
      "name": "snap_5",
      "provider": "provider[\"registry.terraform.io/hashicorp/aws\"]",
      "instances": [
        {
          "schema_version": 0,
          "attributes": {
            "arn": "arn:aws:ec2:ap-south-1::snapshot/snap-0a1c0b0e8a6f47800",
            "data_encryption_key_id": "",
            "description": "Created by CreateImage(i-0a5dadb8c9dd665d4) for ami-0d2c4d7756ad90945",
            "encrypted": false,
            "id": "snap-0a1c0b0e8a6f47800",
            "kms_key_id": "",
            "outpost_arn": "",
            "owner_alias": "",
            "owner_id": "825194067279",
            "permanent_restore": null,
            "storage_tier": "standard",
            "tags": {},
            "tags_all": {},
            "temporary_restore_days": null,
            "timeouts": null,
            "volume_id": "vol-012d8e234853aed29",
            "volume_size": 30
          },
          "sensitive_attributes": [],
          "private": "eyJlMmJmYjczMC1lY2FhLTExZTYtOGY4OC0zNDM2M2JjN2M0YzAiOnsiY3JlYXRlIjo2MDAwMDAwMDAwMDAsImRlbGV0ZSI6NjAwMDAwMDAwMDAwfSwic2NoZW1hX3ZlcnNpb24iOiIwIn0="
        }
      ]
    },
    {
      "mode": "managed",
      "type": "aws_ebs_snapshot",
      "name": "snap_6",
      "provider": "provider[\"registry.terraform.io/hashicorp/aws\"]",
      "instances": [
        {
          "schema_version": 0,
          "attributes": {
            "arn": "arn:aws:ec2:ap-south-1::snapshot/snap-0d73e37e82c123fc8",
            "data_encryption_key_id": "",
            "description": "Created by CreateImage(i-03060ddc199c4ba91) for ami-01f628f20de8163dd",
            "encrypted": false,
            "id": "snap-0d73e37e82c123fc8",
            "kms_key_id": "",
            "outpost_arn": "",
            "owner_alias": "",
            "owner_id": "825194067279",
            "permanent_restore": null,
            "storage_tier": "standard",
            "tags": {},
            "tags_all": {},
            "temporary_restore_days": null,
            "timeouts": null,
            "volume_id": "vol-0d19b50a6cea5226e",
            "volume_size": 300
          },
          "sensitive_attributes": [],
          "private": "eyJlMmJmYjczMC1lY2FhLTExZTYtOGY4OC0zNDM2M2JjN2M0YzAiOnsiY3JlYXRlIjo2MDAwMDAwMDAwMDAsImRlbGV0ZSI6NjAwMDAwMDAwMDAwfSwic2NoZW1hX3ZlcnNpb24iOiIwIn0="
        }
      ]
    },
    {
      "mode": "managed",
      "type": "aws_internet_gateway",
      "name": "igw_1",
      "provider": "provider[\"registry.terraform.io/hashicorp/aws\"]",
      "instances": [
        {
          "schema_version": 0,
          "attributes": {
            "arn": "arn:aws:ec2:ap-south-1:825194067279:internet-gateway/igw-005d3792a28efcc18",
            "id": "igw-005d3792a28efcc18",
            "owner_id": "825194067279",
            "tags": {
              "Name": "sandbox-ig"
            },
            "tags_all": {
              "Name": "sandbox-ig"
            },
            "timeouts": null,
            "vpc_id": "vpc-085be47469caf6683"
          },
          "sensitive_attributes": [],
          "private": "eyJlMmJmYjczMC1lY2FhLTExZTYtOGY4OC0zNDM2M2JjN2M0YzAiOnsiY3JlYXRlIjoxMjAwMDAwMDAwMDAwLCJkZWxldGUiOjEyMDAwMDAwMDAwMDAsInVwZGF0ZSI6MTIwMDAwMDAwMDAwMH0sInNjaGVtYV92ZXJzaW9uIjoiMCJ9"
        }
      ]
    },
    {
      "mode": "managed",
      "type": "aws_internet_gateway",
      "name": "igw_2",
      "provider": "provider[\"registry.terraform.io/hashicorp/aws\"]",
      "instances": [
        {
          "schema_version": 0,
          "attributes": {
            "arn": "arn:aws:ec2:ap-south-1:825194067279:internet-gateway/igw-b443d7dc",
            "id": "igw-b443d7dc",
            "owner_id": "825194067279",
            "tags": {},
            "tags_all": {},
            "timeouts": null,
            "vpc_id": "vpc-ede21886"
          },
          "sensitive_attributes": [],
          "private": "eyJlMmJmYjczMC1lY2FhLTExZTYtOGY4OC0zNDM2M2JjN2M0YzAiOnsiY3JlYXRlIjoxMjAwMDAwMDAwMDAwLCJkZWxldGUiOjEyMDAwMDAwMDAwMDAsInVwZGF0ZSI6MTIwMDAwMDAwMDAwMH0sInNjaGVtYV92ZXJzaW9uIjoiMCJ9"
        }
      ]
    },
    {
      "mode": "managed",
      "type": "aws_launch_template",
      "name": "lt_1",
      "provider": "provider[\"registry.terraform.io/hashicorp/aws\"]",
      "instances": [
        {
          "schema_version": 0,
          "attributes": {
            "arn": "arn:aws:ec2:ap-south-1:825194067279:launch-template/lt-0895cb0ffc7bd1676",
            "block_device_mappings": [
              {
                "device_name": "/dev/sda1",
                "ebs": [
                  {
                    "delete_on_termination": "true",
                    "encrypted": "true",
                    "iops": 3000,
                    "kms_key_id": "",
                    "snapshot_id": "",
                    "throughput": 125,
                    "volume_size": 64,
                    "volume_type": "gp3"
                  }
                ],
                "no_device": "",
                "virtual_name": ""
              }
            ],
            "capacity_reservation_specification": [],
            "cpu_options": [],
            "credit_specification": [],
            "default_version": 1,
            "description": "",
            "disable_api_stop": false,
            "disable_api_termination": false,
            "ebs_optimized": "",
            "elastic_gpu_specifications": [],
            "elastic_inference_accelerator": [],
            "enclave_options": [],
            "hibernation_options": [],
            "iam_instance_profile": [
              {
                "arn": "",
                "name": "masters.gocrazy.dealshare.co.in"
              }
            ],
            "id": "lt-0895cb0ffc7bd1676",
            "image_id": "ami-0820686e31a107a0d",
            "instance_initiated_shutdown_behavior": "",
            "instance_market_options": [],
            "instance_requirements": [],
            "instance_type": "t3.medium",
            "kernel_id": "",
            "key_name": "kubernetes.gocrazy.dealshare.co.in-29:fb:d0:c3:26:5c:e8:f8:44:b9:ee:e5:35:b4:73:69",
            "latest_version": 1,
            "license_specification": [],
            "maintenance_options": [],
            "metadata_options": [
              {
                "http_endpoint": "",
                "http_protocol_ipv6": "disabled",
                "http_put_response_hop_limit": 3,
                "http_tokens": "required",
                "instance_metadata_tags": ""
              }
            ],
            "monitoring": [
              {
                "enabled": false
              }
            ],
            "name": "master-ap-south-1a.masters.gocrazy.dealshare.co.in",
            "name_prefix": "",
            "network_interfaces": [
              {
                "associate_carrier_ip_address": "",
                "associate_public_ip_address": "true",
                "connection_tracking_specification": [],
                "delete_on_termination": "true",
                "description": "",
                "device_index": 0,
                "interface_type": "",
                "ipv4_address_count": 0,
                "ipv4_addresses": [],
                "ipv4_prefix_count": 0,
                "ipv4_prefixes": [],
                "ipv6_address_count": 0,
                "ipv6_addresses": [],
                "ipv6_prefix_count": 0,
                "ipv6_prefixes": [],
                "network_card_index": 0,
                "network_interface_id": "",
                "primary_ipv6": "",
                "private_ip_address": "",
                "security_groups": [
                  "sg-0bf984fe0d5fc0e61"
                ],
                "subnet_id": ""
              }
            ],
            "placement": [],
            "private_dns_name_options": [],
            "ram_disk_id": "",
            "security_group_names": [],
            "tag_specifications": [
              {
                "resource_type": "instance",
                "tags": {
                  "KubernetesCluster": "gocrazy.dealshare.co.in",
                  "Name": "master-ap-south-1a.masters.gocrazy.dealshare.co.in",
                  "k8s.io/cluster-autoscaler/node-template/label/kops.k8s.io/instancegroup": "master-ap-south-1a",
                  "k8s.io/cluster-autoscaler/node-template/label/kops.k8s.io/kops-controller-pki": "",
                  "k8s.io/cluster-autoscaler/node-template/label/kubernetes.io/role": "master",
                  "k8s.io/cluster-autoscaler/node-template/label/node-role.kubernetes.io/control-plane": "",
                  "k8s.io/cluster-autoscaler/node-template/label/node-role.kubernetes.io/master": "",
                  "k8s.io/cluster-autoscaler/node-template/label/node.kubernetes.io/exclude-from-external-load-balancers": "",
                  "k8s.io/role/master": "1",
                  "kops.k8s.io/instancegroup": "master-ap-south-1a",
                  "kubernetes.io/cluster/gocrazy.dealshare.co.in": "owned"
                }
              },
              {
                "resource_type": "volume",
                "tags": {
                  "KubernetesCluster": "gocrazy.dealshare.co.in",
                  "Name": "master-ap-south-1a.masters.gocrazy.dealshare.co.in",
                  "k8s.io/cluster-autoscaler/node-template/label/kops.k8s.io/instancegroup": "master-ap-south-1a",
                  "k8s.io/cluster-autoscaler/node-template/label/kops.k8s.io/kops-controller-pki": "",
                  "k8s.io/cluster-autoscaler/node-template/label/kubernetes.io/role": "master",
                  "k8s.io/cluster-autoscaler/node-template/label/node-role.kubernetes.io/control-plane": "",
                  "k8s.io/cluster-autoscaler/node-template/label/node-role.kubernetes.io/master": "",
                  "k8s.io/cluster-autoscaler/node-template/label/node.kubernetes.io/exclude-from-external-load-balancers": "",
                  "k8s.io/role/master": "1",
                  "kops.k8s.io/instancegroup": "master-ap-south-1a",
                  "kubernetes.io/cluster/gocrazy.dealshare.co.in": "owned"
                }
              }
            ],
            "tags": {
              "KubernetesCluster": "gocrazy.dealshare.co.in",
              "Name": "master-ap-south-1a.masters.gocrazy.dealshare.co.in",
              "k8s.io/cluster-autoscaler/node-template/label/kops.k8s.io/instancegroup": "master-ap-south-1a",
              "k8s.io/cluster-autoscaler/node-template/label/kops.k8s.io/kops-controller-pki": "",
              "k8s.io/cluster-autoscaler/node-template/label/kubernetes.io/role": "master",
              "k8s.io/cluster-autoscaler/node-template/label/node-role.kubernetes.io/control-plane": "",
              "k8s.io/cluster-autoscaler/node-template/label/node-role.kubernetes.io/master": "",
              "k8s.io/cluster-autoscaler/node-template/label/node.kubernetes.io/exclude-from-external-load-balancers": "",
              "k8s.io/role/master": "1",
              "kops.k8s.io/instancegroup": "master-ap-south-1a",
              "kubernetes.io/cluster/gocrazy.dealshare.co.in": "owned"
            },
            "tags_all": {
              "KubernetesCluster": "gocrazy.dealshare.co.in",
              "Name": "master-ap-south-1a.masters.gocrazy.dealshare.co.in",
              "k8s.io/cluster-autoscaler/node-template/label/kops.k8s.io/instancegroup": "master-ap-south-1a",
              "k8s.io/cluster-autoscaler/node-template/label/kops.k8s.io/kops-controller-pki": "",
              "k8s.io/cluster-autoscaler/node-template/label/kubernetes.io/role": "master",
              "k8s.io/cluster-autoscaler/node-template/label/node-role.kubernetes.io/control-plane": "",
              "k8s.io/cluster-autoscaler/node-template/label/node-role.kubernetes.io/master": "",
              "k8s.io/cluster-autoscaler/node-template/label/node.kubernetes.io/exclude-from-external-load-balancers": "",
              "k8s.io/role/master": "1",
              "kops.k8s.io/instancegroup": "master-ap-south-1a",
              "kubernetes.io/cluster/gocrazy.dealshare.co.in": "owned"
            },
            "update_default_version": null,
            "user_data": "IyEvYmluL2Jhc2gKc2V0IC1vIGVycmV4aXQKc2V0IC1vIG5vdW5zZXQKc2V0IC1vIHBpcGVmYWlsCgpOT0RFVVBfVVJMX0FNRDY0PWh0dHBzOi8vYXJ0aWZhY3RzLms4cy5pby9iaW5hcmllcy9rb3BzLzEuMjMuMC9saW51eC9hbWQ2NC9ub2RldXAsaHR0cHM6Ly9naXRodWIuY29tL2t1YmVybmV0ZXMva29wcy9yZWxlYXNlcy9kb3dubG9hZC92MS4yMy4wL25vZGV1cC1saW51eC1hbWQ2NApOT0RFVVBfSEFTSF9BTUQ2ND0xOWU4OTY0MjhlOGE5YzA0NjZlNTY2ZjhjYWY2Y2QyOGYzYTlkMTZhYjYwYWI1NmY2Y2I4MThhMjczNDMwMGQzCk5PREVVUF9VUkxfQVJNNjQ9aHR0cHM6Ly9hcnRpZmFjdHMuazhzLmlvL2JpbmFyaWVzL2tvcHMvMS4yMy4wL2xpbnV4L2FybTY0L25vZGV1cCxodHRwczovL2dpdGh1Yi5jb20va3ViZXJuZXRlcy9rb3BzL3JlbGVhc2VzL2Rvd25sb2FkL3YxLjIzLjAvbm9kZXVwLWxpbnV4LWFybTY0Ck5PREVVUF9IQVNIX0FSTTY0PWZiMzc1ZTA2ZmY4OTNhMmVkYmZkY2M4MzY4NDMxNzJmZjliMTMzN2IyYzM0NzY1ZDI1MjIzZmM2MTVkZjY1NzQKCmV4cG9ydCBBV1NfUkVHSU9OPWFwLXNvdXRoLTEKCgoKCnN5c2N0bCAtdyBuZXQuY29yZS5ybWVtX21heD0xNjc3NzIxNiB8fCB0cnVlCnN5c2N0bCAtdyBuZXQuY29yZS53bWVtX21heD0xNjc3NzIxNiB8fCB0cnVlCnN5c2N0bCAtdyBuZXQuaXB2NC50Y3Bfcm1lbT0nNDA5NiA4NzM4MCAxNjc3NzIxNicgfHwgdHJ1ZQpzeXNjdGwgLXcgbmV0LmlwdjQudGNwX3dtZW09JzQwOTYgODczODAgMTY3NzcyMTYnIHx8IHRydWUKCgpmdW5jdGlvbiBlbnN1cmUtaW5zdGFsbC1kaXIoKSB7CiAgSU5TVEFMTF9ESVI9Ii9vcHQva29wcyIKICAjIE9uIENvbnRhaW5lck9TLCB3ZSBpbnN0YWxsIHVuZGVyIC92YXIvbGliL3Rvb2xib3g7IC9vcHQgaXMgcm8gYW5kIG5vZXhlYwogIGlmIFtbIC1kIC92YXIvbGliL3Rvb2xib3ggXV07IHRoZW4KICAgIElOU1RBTExfRElSPSIvdmFyL2xpYi90b29sYm94L2tvcHMiCiAgZmkKICBta2RpciAtcCAke0lOU1RBTExfRElSfS9iaW4KICBta2RpciAtcCAke0lOU1RBTExfRElSfS9jb25mCiAgY2QgJHtJTlNUQUxMX0RJUn0KfQoKIyBSZXRyeSBhIGRvd25sb2FkIHVudGlsIHdlIGdldCBpdC4gYXJnczogbmFtZSwgc2hhLCB1cmxzCmRvd25sb2FkLW9yLWJ1c3QoKSB7CiAgbG9jYWwgLXIgZmlsZT0iJDEiCiAgbG9jYWwgLXIgaGFzaD0iJDIiCiAgbG9jYWwgLXIgdXJscz0oICQoc3BsaXQtY29tbWFzICIkMyIpICkKCiAgaWYgW1sgLWYgIiR7ZmlsZX0iIF1dOyB0aGVuCiAgICBpZiAhIHZhbGlkYXRlLWhhc2ggIiR7ZmlsZX0iICIke2hhc2h9IjsgdGhlbgogICAgICBybSAtZiAiJHtmaWxlfSIKICAgIGVsc2UKICAgICAgcmV0dXJuCiAgICBmaQogIGZpCgogIHdoaWxlIHRydWU7IGRvCiAgICBmb3IgdXJsIGluICIke3VybHNbQF19IjsgZG8KICAgICAgY29tbWFuZHM9KAogICAgICAgICJjdXJsIC1mIC0tY29tcHJlc3NlZCAtTG8gIiR7ZmlsZX0iIC0tY29ubmVjdC10aW1lb3V0IDIwIC0tcmV0cnkgNiAtLXJldHJ5LWRlbGF5IDEwIgogICAgICAgICJ3Z2V0IC0tY29tcHJlc3Npb249YXV0byAtTyAiJHtmaWxlfSIgLS1jb25uZWN0LXRpbWVvdXQ9MjAgLS10cmllcz02IC0td2FpdD0xMCIKICAgICAgICAiY3VybCAtZiAtTG8gIiR7ZmlsZX0iIC0tY29ubmVjdC10aW1lb3V0IDIwIC0tcmV0cnkgNiAtLXJldHJ5LWRlbGF5IDEwIgogICAgICAgICJ3Z2V0IC1PICIke2ZpbGV9IiAtLWNvbm5lY3QtdGltZW91dD0yMCAtLXRyaWVzPTYgLS13YWl0PTEwIgogICAgICApCiAgICAgIGZvciBjbWQgaW4gIiR7Y29tbWFuZHNbQF19IjsgZG8KICAgICAgICBlY2hvICJBdHRlbXB0aW5nIGRvd25sb2FkIHdpdGg6ICR7Y21kfSB7dXJsfSIKICAgICAgICBpZiAhICgke2NtZH0gIiR7dXJsfSIpOyB0aGVuCiAgICAgICAgICBlY2hvICI9PSBEb3dubG9hZCBmYWlsZWQgd2l0aCAke2NtZH0gPT0iCiAgICAgICAgICBjb250aW51ZQogICAgICAgIGZpCiAgICAgICAgaWYgISB2YWxpZGF0ZS1oYXNoICIke2ZpbGV9IiAiJHtoYXNofSI7IHRoZW4KICAgICAgICAgIGVjaG8gIj09IEhhc2ggdmFsaWRhdGlvbiBvZiAke3VybH0gZmFpbGVkLiBSZXRyeWluZy4gPT0iCiAgICAgICAgICBybSAtZiAiJHtmaWxlfSIKICAgICAgICBlbHNlCiAgICAgICAgICBlY2hvICI9PSBEb3dubG9hZGVkICR7dXJsfSAoU0hBMjU2ID0gJHtoYXNofSkgPT0iCiAgICAgICAgICByZXR1cm4KICAgICAgICBmaQogICAgICBkb25lCiAgICBkb25lCgogICAgZWNobyAiQWxsIGRvd25sb2FkcyBmYWlsZWQ7IHNsZWVwaW5nIGJlZm9yZSByZXRyeWluZyIKICAgIHNsZWVwIDYwCiAgZG9uZQp9Cgp2YWxpZGF0ZS1oYXNoKCkgewogIGxvY2FsIC1yIGZpbGU9IiQxIgogIGxvY2FsIC1yIGV4cGVjdGVkPSIkMiIKICBsb2NhbCBhY3R1YWwKCiAgYWN0dWFsPSQoc2hhMjU2c3VtICR7ZmlsZX0gfCBhd2sgJ3sgcHJpbnQgJDEgfScpIHx8IHRydWUKICBpZiBbWyAiJHthY3R1YWx9IiAhPSAiJHtleHBlY3RlZH0iIF1dOyB0aGVuCiAgICBlY2hvICI9PSAke2ZpbGV9IGNvcnJ1cHRlZCwgaGFzaCAke2FjdHVhbH0gZG9lc24ndCBtYXRjaCBleHBlY3RlZCAke2V4cGVjdGVkfSA9PSIKICAgIHJldHVybiAxCiAgZmkKfQoKZnVuY3Rpb24gc3BsaXQtY29tbWFzKCkgewogIGVjaG8gJDEgfCB0ciAiLCIgIlxuIgp9CgpmdW5jdGlvbiBkb3dubG9hZC1yZWxlYXNlKCkgewogIGNhc2UgIiQodW5hbWUgLW0pIiBpbgogIHg4Nl82NCp8aT84Nl82NCp8YW1kNjQqKQogICAgTk9ERVVQX1VSTD0iJHtOT0RFVVBfVVJMX0FNRDY0fSIKICAgIE5PREVVUF9IQVNIPSIke05PREVVUF9IQVNIX0FNRDY0fSIKICAgIDs7CiAgYWFyY2g2NCp8YXJtNjQqKQogICAgTk9ERVVQX1VSTD0iJHtOT0RFVVBfVVJMX0FSTTY0fSIKICAgIE5PREVVUF9IQVNIPSIke05PREVVUF9IQVNIX0FSTTY0fSIKICAgIDs7CiAgKikKICAgIGVjaG8gIlVuc3VwcG9ydGVkIGhvc3QgYXJjaDogJCh1bmFtZSAtbSkiID4mMgogICAgZXhpdCAxCiAgICA7OwogIGVzYWMKCiAgY2QgJHtJTlNUQUxMX0RJUn0vYmluCiAgZG93bmxvYWQtb3ItYnVzdCBub2RldXAgIiR7Tk9ERVVQX0hBU0h9IiAiJHtOT0RFVVBfVVJMfSIKCiAgY2htb2QgK3ggbm9kZXVwCgogIGVjaG8gIlJ1bm5pbmcgbm9kZXVwIgogICMgV2UgY2FuJ3QgcnVuIGluIHRoZSBmb3JlZ3JvdW5kIGJlY2F1c2Ugb2YgaHR0cHM6Ly9naXRodWIuY29tL2RvY2tlci9kb2NrZXIvaXNzdWVzLzIzNzkzCiAgKCBjZCAke0lOU1RBTExfRElSfS9iaW47IC4vbm9kZXVwIC0taW5zdGFsbC1zeXN0ZW1kLXVuaXQgLS1jb25mPSR7SU5TVEFMTF9ESVJ9L2NvbmYva3ViZV9lbnYueWFtbCAtLXY9OCAgKQp9CgojIyMjIyMjIyMjIyMjIyMjIyMjIyMjIyMjIyMjIyMjIyMjIyMjIyMjIyMjIyMjIyMjIyMjIyMjIyMjIyMjIyMjIyMjIyMjIyMjIyMjIyMjIyMjIyMKCi9iaW4vc3lzdGVtZC1tYWNoaW5lLWlkLXNldHVwIHx8IGVjaG8gImZhaWxlZCB0byBzZXQgdXAgZW5zdXJlIG1hY2hpbmUtaWQgY29uZmlndXJlZCIKCmVjaG8gIj09IG5vZGV1cCBub2RlIGNvbmZpZyBzdGFydGluZyA9PSIKZW5zdXJlLWluc3RhbGwtZGlyCgpjYXQgPiBjb25mL2NsdXN0ZXJfc3BlYy55YW1sIDw8ICdfX0VPRl9DTFVTVEVSX1NQRUMnCmNsb3VkQ29uZmlnOgogIGF3c0VCU0NTSURyaXZlcjoKICAgIGVuYWJsZWQ6IHRydWUKICAgIHZlcnNpb246IHYxLjUuMAogIG1hbmFnZVN0b3JhZ2VDbGFzc2VzOiB0cnVlCmNvbnRhaW5lclJ1bnRpbWU6IGNvbnRhaW5lcmQKY29udGFpbmVyZDoKICBsb2dMZXZlbDogaW5mbwogIHZlcnNpb246IDEuNi4xCmRvY2tlcjoKICBza2lwSW5zdGFsbDogdHJ1ZQplbmNyeXB0aW9uQ29uZmlnOiBudWxsCmV0Y2RDbHVzdGVyczoKICBldmVudHM6CiAgICBjcHVSZXF1ZXN0OiAxMDBtCiAgICBtZW1vcnlSZXF1ZXN0OiAxMDBNaQogICAgdmVyc2lvbjogMy41LjEKICBtYWluOgogICAgY3B1UmVxdWVzdDogMjAwbQogICAgbWVtb3J5UmVxdWVzdDogMTAwTWkKICAgIHZlcnNpb246IDMuNS4xCmt1YmVBUElTZXJ2ZXI6CiAgYWxsb3dQcml2aWxlZ2VkOiB0cnVlCiAgYW5vbnltb3VzQXV0aDogZmFsc2UKICBhcGlBdWRpZW5jZXM6CiAgLSBrdWJlcm5ldGVzLnN2Yy5kZWZhdWx0CiAgYXBpU2VydmVyQ291bnQ6IDEKICBhdXRob3JpemF0aW9uTW9kZTogTm9kZSxSQkFDCiAgYmluZEFkZHJlc3M6IDAuMC4wLjAKICBjbG91ZFByb3ZpZGVyOiBhd3MKICBlbmFibGVBZG1pc3Npb25QbHVnaW5zOgogIC0gTmFtZXNwYWNlTGlmZWN5Y2xlCiAgLSBMaW1pdFJhbmdlcgogIC0gU2VydmljZUFjY291bnQKICAtIERlZmF1bHRTdG9yYWdlQ2xhc3MKICAtIERlZmF1bHRUb2xlcmF0aW9uU2Vjb25kcwogIC0gTXV0YXRpbmdBZG1pc3Npb25XZWJob29rCiAgLSBWYWxpZGF0aW5nQWRtaXNzaW9uV2ViaG9vawogIC0gTm9kZVJlc3RyaWN0aW9uCiAgLSBSZXNvdXJjZVF1b3RhCiAgZXRjZFNlcnZlcnM6CiAgLSBodHRwczovLzEyNy4wLjAuMTo0MDAxCiAgZXRjZFNlcnZlcnNPdmVycmlkZXM6CiAgLSAvZXZlbnRzI2h0dHBzOi8vMTI3LjAuMC4xOjQwMDIKICBmZWF0dXJlR2F0ZXM6CiAgICBDU0lNaWdyYXRpb25BV1M6ICJ0cnVlIgogICAgSW5UcmVlUGx1Z2luQVdTVW5yZWdpc3RlcjogInRydWUiCiAgaW1hZ2U6IGs4cy5nY3IuaW8va3ViZS1hcGlzZXJ2ZXI6djEuMjMuNQogIGt1YmVsZXRQcmVmZXJyZWRBZGRyZXNzVHlwZXM6CiAgLSBJbnRlcm5hbElQCiAgLSBIb3N0bmFtZQogIC0gRXh0ZXJuYWxJUAogIGxvZ0xldmVsOiAyCiAgcmVxdWVzdGhlYWRlckFsbG93ZWROYW1lczoKICAtIGFnZ3JlZ2F0b3IKICByZXF1ZXN0aGVhZGVyRXh0cmFIZWFkZXJQcmVmaXhlczoKICAtIFgtUmVtb3RlLUV4dHJhLQogIHJlcXVlc3RoZWFkZXJHcm91cEhlYWRlcnM6CiAgLSBYLVJlbW90ZS1Hcm91cAogIHJlcXVlc3RoZWFkZXJVc2VybmFtZUhlYWRlcnM6CiAgLSBYLVJlbW90ZS1Vc2VyCiAgc2VjdXJlUG9ydDogNDQzCiAgc2VydmljZUFjY291bnRJc3N1ZXI6IGh0dHBzOi8va3ViZXJuZXRlcy1kZWFsc2hhcmUtY29tLW9pZGMtc3RvcmUuczMuYXAtc291dGgtMS5hbWF6b25hd3MuY29tL2dvY3JhenkuZGVhbHNoYXJlLmNvLmluL2Rpc2NvdmVyeS9nb2NyYXp5LmRlYWxzaGFyZS5jby5pbgogIHNlcnZpY2VBY2NvdW50SldLU1VSSTogaHR0cHM6Ly9rdWJlcm5ldGVzLWRlYWxzaGFyZS1jb20tb2lkYy1zdG9yZS5zMy5hcC1zb3V0aC0xLmFtYXpvbmF3cy5jb20vZ29jcmF6eS5kZWFsc2hhcmUuY28uaW4vZGlzY292ZXJ5L2dvY3JhenkuZGVhbHNoYXJlLmNvLmluL29wZW5pZC92MS9qd2tzCiAgc2VydmljZUNsdXN0ZXJJUFJhbmdlOiAxMDAuNjQuMC4wLzEzCiAgc3RvcmFnZUJhY2tlbmQ6IGV0Y2QzCmt1YmVDb250cm9sbGVyTWFuYWdlcjoKICBhbGxvY2F0ZU5vZGVDSURSczogdHJ1ZQogIGF0dGFjaERldGFjaFJlY29uY2lsZVN5bmNQZXJpb2Q6IDFtMHMKICBjbG91ZFByb3ZpZGVyOiBhd3MKICBjbHVzdGVyQ0lEUjogMTAwLjk2LjAuMC8xMQogIGNsdXN0ZXJOYW1lOiBnb2NyYXp5LmRlYWxzaGFyZS5jby5pbgogIGNvbmZpZ3VyZUNsb3VkUm91dGVzOiB0cnVlCiAgZW5hYmxlTGVhZGVyTWlncmF0aW9uOiB0cnVlCiAgZmVhdHVyZUdhdGVzOgogICAgQ1NJTWlncmF0aW9uQVdTOiAidHJ1ZSIKICAgIEluVHJlZVBsdWdpbkFXU1VucmVnaXN0ZXI6ICJ0cnVlIgogIGltYWdlOiBrOHMuZ2NyLmlvL2t1YmUtY29udHJvbGxlci1tYW5hZ2VyOnYxLjIzLjUKICBsZWFkZXJFbGVjdGlvbjoKICAgIGxlYWRlckVsZWN0OiB0cnVlCiAgbG9nTGV2ZWw6IDIKICB1c2VTZXJ2aWNlQWNjb3VudENyZWRlbnRpYWxzOiB0cnVlCmt1YmVQcm94eToKICBjbHVzdGVyQ0lEUjogMTAwLjk2LjAuMC8xMQogIGNwdVJlcXVlc3Q6IDEwMG0KICBpbWFnZTogazhzLmdjci5pby9rdWJlLXByb3h5OnYxLjIzLjUKICBsb2dMZXZlbDogMgprdWJlU2NoZWR1bGVyOgogIGZlYXR1cmVHYXRlczoKICAgIENTSU1pZ3JhdGlvbkFXUzogInRydWUiCiAgICBJblRyZWVQbHVnaW5BV1NVbnJlZ2lzdGVyOiAidHJ1ZSIKICBpbWFnZTogazhzLmdjci5pby9rdWJlLXNjaGVkdWxlcjp2MS4yMy41CiAgbGVhZGVyRWxlY3Rpb246CiAgICBsZWFkZXJFbGVjdDogdHJ1ZQogIGxvZ0xldmVsOiAyCmt1YmVsZXQ6CiAgYW5vbnltb3VzQXV0aDogZmFsc2UKICBjZ3JvdXBEcml2ZXI6IHN5c3RlbWQKICBjZ3JvdXBSb290OiAvCiAgY2xvdWRQcm92aWRlcjogYXdzCiAgY2x1c3RlckROUzogMTAwLjY0LjAuMTAKICBjbHVzdGVyRG9tYWluOiBjbHVzdGVyLmxvY2FsCiAgZW5hYmxlRGVidWdnaW5nSGFuZGxlcnM6IHRydWUKICBldmljdGlvbkhhcmQ6IG1lbW9yeS5hdmFpbGFibGU8MTAwTWksbm9kZWZzLmF2YWlsYWJsZTwxMCUsbm9kZWZzLmlub2Rlc0ZyZWU8NSUsaW1hZ2Vmcy5hdmFpbGFibGU8MTAlLGltYWdlZnMuaW5vZGVzRnJlZTw1JQogIGZlYXR1cmVHYXRlczoKICAgIENTSU1pZ3JhdGlvbkFXUzogInRydWUiCiAgICBJblRyZWVQbHVnaW5BV1NVbnJlZ2lzdGVyOiAidHJ1ZSIKICBrdWJlY29uZmlnUGF0aDogL3Zhci9saWIva3ViZWxldC9rdWJlY29uZmlnCiAgbG9nTGV2ZWw6IDIKICBub25NYXNxdWVyYWRlQ0lEUjogMTAwLjY0LjAuMC8xMAogIHBvZEluZnJhQ29udGFpbmVySW1hZ2U6IGs4cy5nY3IuaW8vcGF1c2U6My42CiAgcG9kTWFuaWZlc3RQYXRoOiAvZXRjL2t1YmVybmV0ZXMvbWFuaWZlc3RzCiAgcHJvdGVjdEtlcm5lbERlZmF1bHRzOiB0cnVlCiAgc2h1dGRvd25HcmFjZVBlcmlvZDogMzBzCiAgc2h1dGRvd25HcmFjZVBlcmlvZENyaXRpY2FsUG9kczogMTBzCm1hc3Rlckt1YmVsZXQ6CiAgYW5vbnltb3VzQXV0aDogZmFsc2UKICBjZ3JvdXBEcml2ZXI6IHN5c3RlbWQKICBjZ3JvdXBSb290OiAvCiAgY2xvdWRQcm92aWRlcjogYXdzCiAgY2x1c3RlckROUzogMTAwLjY0LjAuMTAKICBjbHVzdGVyRG9tYWluOiBjbHVzdGVyLmxvY2FsCiAgZW5hYmxlRGVidWdnaW5nSGFuZGxlcnM6IHRydWUKICBldmljdGlvbkhhcmQ6IG1lbW9yeS5hdmFpbGFibGU8MTAwTWksbm9kZWZzLmF2YWlsYWJsZTwxMCUsbm9kZWZzLmlub2Rlc0ZyZWU8NSUsaW1hZ2Vmcy5hdmFpbGFibGU8MTAlLGltYWdlZnMuaW5vZGVzRnJlZTw1JQogIGZlYXR1cmVHYXRlczoKICAgIENTSU1pZ3JhdGlvbkFXUzogInRydWUiCiAgICBJblRyZWVQbHVnaW5BV1NVbnJlZ2lzdGVyOiAidHJ1ZSIKICBrdWJlY29uZmlnUGF0aDogL3Zhci9saWIva3ViZWxldC9rdWJlY29uZmlnCiAgbG9nTGV2ZWw6IDIKICBub25NYXNxdWVyYWRlQ0lEUjogMTAwLjY0LjAuMC8xMAogIHBvZEluZnJhQ29udGFpbmVySW1hZ2U6IGs4cy5nY3IuaW8vcGF1c2U6My42CiAgcG9kTWFuaWZlc3RQYXRoOiAvZXRjL2t1YmVybmV0ZXMvbWFuaWZlc3RzCiAgcHJvdGVjdEtlcm5lbERlZmF1bHRzOiB0cnVlCiAgcmVnaXN0ZXJTY2hlZHVsYWJsZTogZmFsc2UKICBzaHV0ZG93bkdyYWNlUGVyaW9kOiAzMHMKICBzaHV0ZG93bkdyYWNlUGVyaW9kQ3JpdGljYWxQb2RzOiAxMHMKCl9fRU9GX0NMVVNURVJfU1BFQwoKY2F0ID4gY29uZi9rdWJlX2Vudi55YW1sIDw8ICdfX0VPRl9LVUJFX0VOVicKQ2xvdWRQcm92aWRlcjogYXdzCkNvbmZpZ0Jhc2U6IHMzOi8va3ViZXJuZXRlcy1kZWFsc2hhcmUtY29tLXN0YXRlLXN0b3JhZ2UvZ29jcmF6eS5kZWFsc2hhcmUuY28uaW4KSW5zdGFuY2VHcm91cE5hbWU6IG1hc3Rlci1hcC1zb3V0aC0xYQpJbnN0YW5jZUdyb3VwUm9sZTogTWFzdGVyCk5vZGV1cENvbmZpZ0hhc2g6IDREK2drRk84Q0VIZURGRTJqWXZ0cUljL25Gek9IL2gxNlRkSENaUDRmYnc9CgpfX0VPRl9LVUJFX0VOVgoKZG93bmxvYWQtcmVsZWFzZQplY2hvICI9PSBub2RldXAgbm9kZSBjb25maWcgZG9uZSA9PSIK",
            "vpc_security_group_ids": []
          },
          "sensitive_attributes": [],
          "private": "eyJzY2hlbWFfdmVyc2lvbiI6IjAifQ=="
        }
      ]
    },
    {
      "mode": "managed",
      "type": "aws_launch_template",
      "name": "lt_2",
      "provider": "provider[\"registry.terraform.io/hashicorp/aws\"]",
      "instances": [
        {
          "schema_version": 0,
          "attributes": {
            "arn": "arn:aws:ec2:ap-south-1:825194067279:launch-template/lt-006705dc89e95d2b8",
            "block_device_mappings": [],
            "capacity_reservation_specification": [],
            "cpu_options": [],
            "credit_specification": [],
            "default_version": 1,
            "description": "",
            "disable_api_stop": false,
            "disable_api_termination": false,
            "ebs_optimized": "",
            "elastic_gpu_specifications": [],
            "elastic_inference_accelerator": [],
            "enclave_options": [],
            "hibernation_options": [],
            "iam_instance_profile": [
              {
                "arn": "",
                "name": "qa1-ecsIntanceRole"
              }
            ],
            "id": "lt-006705dc89e95d2b8",
            "image_id": "ami-078902ae8103daac8",
            "instance_initiated_shutdown_behavior": "",
            "instance_market_options": [],
            "instance_requirements": [],
            "instance_type": "",
            "kernel_id": "",
            "key_name": "test",
            "latest_version": 1,
            "license_specification": [],
            "maintenance_options": [],
            "metadata_options": [],
            "monitoring": [],
            "name": "DS-qa1-ECS",
            "name_prefix": "",
            "network_interfaces": [],
            "placement": [],
            "private_dns_name_options": [],
            "ram_disk_id": "",
            "security_group_names": [],
            "tag_specifications": [],
            "tags": {},
            "tags_all": {},
            "update_default_version": null,
            "user_data": "IyEvYmluL2Jhc2gKY2F0IDw8J0VPRicgPj4gL2V0Yy9lY3MvZWNzLmNvbmZpZwpFQ1NfQ0xVU1RFUj1kcy1xYTEKRUNTX0VOQUJMRV9TUE9UX0lOU1RBTkNFX0RSQUlOSU5HPXRydWUKRUNTX0FWQUlMQUJMRV9MT0dHSU5HX0RSSVZFUlM9WyJnZWxmIiwiYXdzbG9ncyIsInN5c2xvZyIsIm5vbmUiXQpFT0YK",
            "vpc_security_group_ids": [
              "sg-0cd2238477bfebd5b"
            ]
          },
          "sensitive_attributes": [],
          "private": "eyJzY2hlbWFfdmVyc2lvbiI6IjAifQ=="
        }
      ]
    },
    {
      "mode": "managed",
      "type": "aws_launch_template",
      "name": "lt_3",
      "provider": "provider[\"registry.terraform.io/hashicorp/aws\"]",
      "instances": [
        {
          "schema_version": 0,
          "attributes": {
            "arn": "arn:aws:ec2:ap-south-1:825194067279:launch-template/lt-09f5813d7c3dcebde",
            "block_device_mappings": [
              {
                "device_name": "/dev/sda1",
                "ebs": [
                  {
                    "delete_on_termination": "true",
                    "encrypted": "true",
                    "iops": 3000,
                    "kms_key_id": "",
                    "snapshot_id": "",
                    "throughput": 125,
                    "volume_size": 128,
                    "volume_type": "gp3"
                  }
                ],
                "no_device": "",
                "virtual_name": ""
              }
            ],
            "capacity_reservation_specification": [],
            "cpu_options": [],
            "credit_specification": [],
            "default_version": 1,
            "description": "",
            "disable_api_stop": false,
            "disable_api_termination": false,
            "ebs_optimized": "",
            "elastic_gpu_specifications": [],
            "elastic_inference_accelerator": [],
            "enclave_options": [],
            "hibernation_options": [],
            "iam_instance_profile": [
              {
                "arn": "",
                "name": "nodes.gocrazy.dealshare.co.in"
              }
            ],
            "id": "lt-09f5813d7c3dcebde",
            "image_id": "ami-0820686e31a107a0d",
            "instance_initiated_shutdown_behavior": "",
            "instance_market_options": [],
            "instance_requirements": [],
            "instance_type": "t3.medium",
            "kernel_id": "",
            "key_name": "kubernetes.gocrazy.dealshare.co.in-29:fb:d0:c3:26:5c:e8:f8:44:b9:ee:e5:35:b4:73:69",
            "latest_version": 1,
            "license_specification": [],
            "maintenance_options": [],
            "metadata_options": [
              {
                "http_endpoint": "",
                "http_protocol_ipv6": "disabled",
                "http_put_response_hop_limit": 1,
                "http_tokens": "required",
                "instance_metadata_tags": ""
              }
            ],
            "monitoring": [
              {
                "enabled": false
              }
            ],
            "name": "nodes-ap-south-1a.gocrazy.dealshare.co.in",
            "name_prefix": "",
            "network_interfaces": [
              {
                "associate_carrier_ip_address": "",
                "associate_public_ip_address": "true",
                "connection_tracking_specification": [],
                "delete_on_termination": "true",
                "description": "",
                "device_index": 0,
                "interface_type": "",
                "ipv4_address_count": 0,
                "ipv4_addresses": [],
                "ipv4_prefix_count": 0,
                "ipv4_prefixes": [],
                "ipv6_address_count": 0,
                "ipv6_addresses": [],
                "ipv6_prefix_count": 0,
                "ipv6_prefixes": [],
                "network_card_index": 0,
                "network_interface_id": "",
                "primary_ipv6": "",
                "private_ip_address": "",
                "security_groups": [
                  "sg-0b046335bb9422823"
                ],
                "subnet_id": ""
              }
            ],
            "placement": [],
            "private_dns_name_options": [],
            "ram_disk_id": "",
            "security_group_names": [],
            "tag_specifications": [
              {
                "resource_type": "instance",
                "tags": {
                  "KubernetesCluster": "gocrazy.dealshare.co.in",
                  "Name": "nodes-ap-south-1a.gocrazy.dealshare.co.in",
                  "k8s.io/cluster-autoscaler/node-template/label/kops.k8s.io/instancegroup": "nodes-ap-south-1a",
                  "k8s.io/cluster-autoscaler/node-template/label/kubernetes.io/role": "node",
                  "k8s.io/cluster-autoscaler/node-template/label/node-role.kubernetes.io/node": "",
                  "k8s.io/role/node": "1",
                  "kops.k8s.io/instancegroup": "nodes-ap-south-1a",
                  "kubernetes.io/cluster/gocrazy.dealshare.co.in": "owned"
                }
              },
              {
                "resource_type": "volume",
                "tags": {
                  "KubernetesCluster": "gocrazy.dealshare.co.in",
                  "Name": "nodes-ap-south-1a.gocrazy.dealshare.co.in",
                  "k8s.io/cluster-autoscaler/node-template/label/kops.k8s.io/instancegroup": "nodes-ap-south-1a",
                  "k8s.io/cluster-autoscaler/node-template/label/kubernetes.io/role": "node",
                  "k8s.io/cluster-autoscaler/node-template/label/node-role.kubernetes.io/node": "",
                  "k8s.io/role/node": "1",
                  "kops.k8s.io/instancegroup": "nodes-ap-south-1a",
                  "kubernetes.io/cluster/gocrazy.dealshare.co.in": "owned"
                }
              }
            ],
            "tags": {
              "KubernetesCluster": "gocrazy.dealshare.co.in",
              "Name": "nodes-ap-south-1a.gocrazy.dealshare.co.in",
              "k8s.io/cluster-autoscaler/node-template/label/kops.k8s.io/instancegroup": "nodes-ap-south-1a",
              "k8s.io/cluster-autoscaler/node-template/label/kubernetes.io/role": "node",
              "k8s.io/cluster-autoscaler/node-template/label/node-role.kubernetes.io/node": "",
              "k8s.io/role/node": "1",
              "kops.k8s.io/instancegroup": "nodes-ap-south-1a",
              "kubernetes.io/cluster/gocrazy.dealshare.co.in": "owned"
            },
            "tags_all": {
              "KubernetesCluster": "gocrazy.dealshare.co.in",
              "Name": "nodes-ap-south-1a.gocrazy.dealshare.co.in",
              "k8s.io/cluster-autoscaler/node-template/label/kops.k8s.io/instancegroup": "nodes-ap-south-1a",
              "k8s.io/cluster-autoscaler/node-template/label/kubernetes.io/role": "node",
              "k8s.io/cluster-autoscaler/node-template/label/node-role.kubernetes.io/node": "",
              "k8s.io/role/node": "1",
              "kops.k8s.io/instancegroup": "nodes-ap-south-1a",
              "kubernetes.io/cluster/gocrazy.dealshare.co.in": "owned"
            },
            "update_default_version": null,
            "user_data": "IyEvYmluL2Jhc2gKc2V0IC1vIGVycmV4aXQKc2V0IC1vIG5vdW5zZXQKc2V0IC1vIHBpcGVmYWlsCgpOT0RFVVBfVVJMX0FNRDY0PWh0dHBzOi8vYXJ0aWZhY3RzLms4cy5pby9iaW5hcmllcy9rb3BzLzEuMjMuMC9saW51eC9hbWQ2NC9ub2RldXAsaHR0cHM6Ly9naXRodWIuY29tL2t1YmVybmV0ZXMva29wcy9yZWxlYXNlcy9kb3dubG9hZC92MS4yMy4wL25vZGV1cC1saW51eC1hbWQ2NApOT0RFVVBfSEFTSF9BTUQ2ND0xOWU4OTY0MjhlOGE5YzA0NjZlNTY2ZjhjYWY2Y2QyOGYzYTlkMTZhYjYwYWI1NmY2Y2I4MThhMjczNDMwMGQzCk5PREVVUF9VUkxfQVJNNjQ9aHR0cHM6Ly9hcnRpZmFjdHMuazhzLmlvL2JpbmFyaWVzL2tvcHMvMS4yMy4wL2xpbnV4L2FybTY0L25vZGV1cCxodHRwczovL2dpdGh1Yi5jb20va3ViZXJuZXRlcy9rb3BzL3JlbGVhc2VzL2Rvd25sb2FkL3YxLjIzLjAvbm9kZXVwLWxpbnV4LWFybTY0Ck5PREVVUF9IQVNIX0FSTTY0PWZiMzc1ZTA2ZmY4OTNhMmVkYmZkY2M4MzY4NDMxNzJmZjliMTMzN2IyYzM0NzY1ZDI1MjIzZmM2MTVkZjY1NzQKCmV4cG9ydCBBV1NfUkVHSU9OPWFwLXNvdXRoLTEKCgoKCnN5c2N0bCAtdyBuZXQuY29yZS5ybWVtX21heD0xNjc3NzIxNiB8fCB0cnVlCnN5c2N0bCAtdyBuZXQuY29yZS53bWVtX21heD0xNjc3NzIxNiB8fCB0cnVlCnN5c2N0bCAtdyBuZXQuaXB2NC50Y3Bfcm1lbT0nNDA5NiA4NzM4MCAxNjc3NzIxNicgfHwgdHJ1ZQpzeXNjdGwgLXcgbmV0LmlwdjQudGNwX3dtZW09JzQwOTYgODczODAgMTY3NzcyMTYnIHx8IHRydWUKCgpmdW5jdGlvbiBlbnN1cmUtaW5zdGFsbC1kaXIoKSB7CiAgSU5TVEFMTF9ESVI9Ii9vcHQva29wcyIKICAjIE9uIENvbnRhaW5lck9TLCB3ZSBpbnN0YWxsIHVuZGVyIC92YXIvbGliL3Rvb2xib3g7IC9vcHQgaXMgcm8gYW5kIG5vZXhlYwogIGlmIFtbIC1kIC92YXIvbGliL3Rvb2xib3ggXV07IHRoZW4KICAgIElOU1RBTExfRElSPSIvdmFyL2xpYi90b29sYm94L2tvcHMiCiAgZmkKICBta2RpciAtcCAke0lOU1RBTExfRElSfS9iaW4KICBta2RpciAtcCAke0lOU1RBTExfRElSfS9jb25mCiAgY2QgJHtJTlNUQUxMX0RJUn0KfQoKIyBSZXRyeSBhIGRvd25sb2FkIHVudGlsIHdlIGdldCBpdC4gYXJnczogbmFtZSwgc2hhLCB1cmxzCmRvd25sb2FkLW9yLWJ1c3QoKSB7CiAgbG9jYWwgLXIgZmlsZT0iJDEiCiAgbG9jYWwgLXIgaGFzaD0iJDIiCiAgbG9jYWwgLXIgdXJscz0oICQoc3BsaXQtY29tbWFzICIkMyIpICkKCiAgaWYgW1sgLWYgIiR7ZmlsZX0iIF1dOyB0aGVuCiAgICBpZiAhIHZhbGlkYXRlLWhhc2ggIiR7ZmlsZX0iICIke2hhc2h9IjsgdGhlbgogICAgICBybSAtZiAiJHtmaWxlfSIKICAgIGVsc2UKICAgICAgcmV0dXJuCiAgICBmaQogIGZpCgogIHdoaWxlIHRydWU7IGRvCiAgICBmb3IgdXJsIGluICIke3VybHNbQF19IjsgZG8KICAgICAgY29tbWFuZHM9KAogICAgICAgICJjdXJsIC1mIC0tY29tcHJlc3NlZCAtTG8gIiR7ZmlsZX0iIC0tY29ubmVjdC10aW1lb3V0IDIwIC0tcmV0cnkgNiAtLXJldHJ5LWRlbGF5IDEwIgogICAgICAgICJ3Z2V0IC0tY29tcHJlc3Npb249YXV0byAtTyAiJHtmaWxlfSIgLS1jb25uZWN0LXRpbWVvdXQ9MjAgLS10cmllcz02IC0td2FpdD0xMCIKICAgICAgICAiY3VybCAtZiAtTG8gIiR7ZmlsZX0iIC0tY29ubmVjdC10aW1lb3V0IDIwIC0tcmV0cnkgNiAtLXJldHJ5LWRlbGF5IDEwIgogICAgICAgICJ3Z2V0IC1PICIke2ZpbGV9IiAtLWNvbm5lY3QtdGltZW91dD0yMCAtLXRyaWVzPTYgLS13YWl0PTEwIgogICAgICApCiAgICAgIGZvciBjbWQgaW4gIiR7Y29tbWFuZHNbQF19IjsgZG8KICAgICAgICBlY2hvICJBdHRlbXB0aW5nIGRvd25sb2FkIHdpdGg6ICR7Y21kfSB7dXJsfSIKICAgICAgICBpZiAhICgke2NtZH0gIiR7dXJsfSIpOyB0aGVuCiAgICAgICAgICBlY2hvICI9PSBEb3dubG9hZCBmYWlsZWQgd2l0aCAke2NtZH0gPT0iCiAgICAgICAgICBjb250aW51ZQogICAgICAgIGZpCiAgICAgICAgaWYgISB2YWxpZGF0ZS1oYXNoICIke2ZpbGV9IiAiJHtoYXNofSI7IHRoZW4KICAgICAgICAgIGVjaG8gIj09IEhhc2ggdmFsaWRhdGlvbiBvZiAke3VybH0gZmFpbGVkLiBSZXRyeWluZy4gPT0iCiAgICAgICAgICBybSAtZiAiJHtmaWxlfSIKICAgICAgICBlbHNlCiAgICAgICAgICBlY2hvICI9PSBEb3dubG9hZGVkICR7dXJsfSAoU0hBMjU2ID0gJHtoYXNofSkgPT0iCiAgICAgICAgICByZXR1cm4KICAgICAgICBmaQogICAgICBkb25lCiAgICBkb25lCgogICAgZWNobyAiQWxsIGRvd25sb2FkcyBmYWlsZWQ7IHNsZWVwaW5nIGJlZm9yZSByZXRyeWluZyIKICAgIHNsZWVwIDYwCiAgZG9uZQp9Cgp2YWxpZGF0ZS1oYXNoKCkgewogIGxvY2FsIC1yIGZpbGU9IiQxIgogIGxvY2FsIC1yIGV4cGVjdGVkPSIkMiIKICBsb2NhbCBhY3R1YWwKCiAgYWN0dWFsPSQoc2hhMjU2c3VtICR7ZmlsZX0gfCBhd2sgJ3sgcHJpbnQgJDEgfScpIHx8IHRydWUKICBpZiBbWyAiJHthY3R1YWx9IiAhPSAiJHtleHBlY3RlZH0iIF1dOyB0aGVuCiAgICBlY2hvICI9PSAke2ZpbGV9IGNvcnJ1cHRlZCwgaGFzaCAke2FjdHVhbH0gZG9lc24ndCBtYXRjaCBleHBlY3RlZCAke2V4cGVjdGVkfSA9PSIKICAgIHJldHVybiAxCiAgZmkKfQoKZnVuY3Rpb24gc3BsaXQtY29tbWFzKCkgewogIGVjaG8gJDEgfCB0ciAiLCIgIlxuIgp9CgpmdW5jdGlvbiBkb3dubG9hZC1yZWxlYXNlKCkgewogIGNhc2UgIiQodW5hbWUgLW0pIiBpbgogIHg4Nl82NCp8aT84Nl82NCp8YW1kNjQqKQogICAgTk9ERVVQX1VSTD0iJHtOT0RFVVBfVVJMX0FNRDY0fSIKICAgIE5PREVVUF9IQVNIPSIke05PREVVUF9IQVNIX0FNRDY0fSIKICAgIDs7CiAgYWFyY2g2NCp8YXJtNjQqKQogICAgTk9ERVVQX1VSTD0iJHtOT0RFVVBfVVJMX0FSTTY0fSIKICAgIE5PREVVUF9IQVNIPSIke05PREVVUF9IQVNIX0FSTTY0fSIKICAgIDs7CiAgKikKICAgIGVjaG8gIlVuc3VwcG9ydGVkIGhvc3QgYXJjaDogJCh1bmFtZSAtbSkiID4mMgogICAgZXhpdCAxCiAgICA7OwogIGVzYWMKCiAgY2QgJHtJTlNUQUxMX0RJUn0vYmluCiAgZG93bmxvYWQtb3ItYnVzdCBub2RldXAgIiR7Tk9ERVVQX0hBU0h9IiAiJHtOT0RFVVBfVVJMfSIKCiAgY2htb2QgK3ggbm9kZXVwCgogIGVjaG8gIlJ1bm5pbmcgbm9kZXVwIgogICMgV2UgY2FuJ3QgcnVuIGluIHRoZSBmb3JlZ3JvdW5kIGJlY2F1c2Ugb2YgaHR0cHM6Ly9naXRodWIuY29tL2RvY2tlci9kb2NrZXIvaXNzdWVzLzIzNzkzCiAgKCBjZCAke0lOU1RBTExfRElSfS9iaW47IC4vbm9kZXVwIC0taW5zdGFsbC1zeXN0ZW1kLXVuaXQgLS1jb25mPSR7SU5TVEFMTF9ESVJ9L2NvbmYva3ViZV9lbnYueWFtbCAtLXY9OCAgKQp9CgojIyMjIyMjIyMjIyMjIyMjIyMjIyMjIyMjIyMjIyMjIyMjIyMjIyMjIyMjIyMjIyMjIyMjIyMjIyMjIyMjIyMjIyMjIyMjIyMjIyMjIyMjIyMjIyMKCi9iaW4vc3lzdGVtZC1tYWNoaW5lLWlkLXNldHVwIHx8IGVjaG8gImZhaWxlZCB0byBzZXQgdXAgZW5zdXJlIG1hY2hpbmUtaWQgY29uZmlndXJlZCIKCmVjaG8gIj09IG5vZGV1cCBub2RlIGNvbmZpZyBzdGFydGluZyA9PSIKZW5zdXJlLWluc3RhbGwtZGlyCgpjYXQgPiBjb25mL2NsdXN0ZXJfc3BlYy55YW1sIDw8ICdfX0VPRl9DTFVTVEVSX1NQRUMnCmNsb3VkQ29uZmlnOgogIGF3c0VCU0NTSURyaXZlcjoKICAgIGVuYWJsZWQ6IHRydWUKICAgIHZlcnNpb246IHYxLjUuMAogIG1hbmFnZVN0b3JhZ2VDbGFzc2VzOiB0cnVlCmNvbnRhaW5lclJ1bnRpbWU6IGNvbnRhaW5lcmQKY29udGFpbmVyZDoKICBsb2dMZXZlbDogaW5mbwogIHZlcnNpb246IDEuNi4xCmRvY2tlcjoKICBza2lwSW5zdGFsbDogdHJ1ZQprdWJlUHJveHk6CiAgY2x1c3RlckNJRFI6IDEwMC45Ni4wLjAvMTEKICBjcHVSZXF1ZXN0OiAxMDBtCiAgaW1hZ2U6IGs4cy5nY3IuaW8va3ViZS1wcm94eTp2MS4yMy41CiAgbG9nTGV2ZWw6IDIKa3ViZWxldDoKICBhbm9ueW1vdXNBdXRoOiBmYWxzZQogIGNncm91cERyaXZlcjogc3lzdGVtZAogIGNncm91cFJvb3Q6IC8KICBjbG91ZFByb3ZpZGVyOiBhd3MKICBjbHVzdGVyRE5TOiAxMDAuNjQuMC4xMAogIGNsdXN0ZXJEb21haW46IGNsdXN0ZXIubG9jYWwKICBlbmFibGVEZWJ1Z2dpbmdIYW5kbGVyczogdHJ1ZQogIGV2aWN0aW9uSGFyZDogbWVtb3J5LmF2YWlsYWJsZTwxMDBNaSxub2RlZnMuYXZhaWxhYmxlPDEwJSxub2RlZnMuaW5vZGVzRnJlZTw1JSxpbWFnZWZzLmF2YWlsYWJsZTwxMCUsaW1hZ2Vmcy5pbm9kZXNGcmVlPDUlCiAgZmVhdHVyZUdhdGVzOgogICAgQ1NJTWlncmF0aW9uQVdTOiAidHJ1ZSIKICAgIEluVHJlZVBsdWdpbkFXU1VucmVnaXN0ZXI6ICJ0cnVlIgogIGt1YmVjb25maWdQYXRoOiAvdmFyL2xpYi9rdWJlbGV0L2t1YmVjb25maWcKICBsb2dMZXZlbDogMgogIG5vbk1hc3F1ZXJhZGVDSURSOiAxMDAuNjQuMC4wLzEwCiAgcG9kSW5mcmFDb250YWluZXJJbWFnZTogazhzLmdjci5pby9wYXVzZTozLjYKICBwb2RNYW5pZmVzdFBhdGg6IC9ldGMva3ViZXJuZXRlcy9tYW5pZmVzdHMKICBwcm90ZWN0S2VybmVsRGVmYXVsdHM6IHRydWUKICBzaHV0ZG93bkdyYWNlUGVyaW9kOiAzMHMKICBzaHV0ZG93bkdyYWNlUGVyaW9kQ3JpdGljYWxQb2RzOiAxMHMKCl9fRU9GX0NMVVNURVJfU1BFQwoKY2F0ID4gY29uZi9rdWJlX2Vudi55YW1sIDw8ICdfX0VPRl9LVUJFX0VOVicKQ2xvdWRQcm92aWRlcjogYXdzCkNvbmZpZ0Jhc2U6IHMzOi8va3ViZXJuZXRlcy1kZWFsc2hhcmUtY29tLXN0YXRlLXN0b3JhZ2UvZ29jcmF6eS5kZWFsc2hhcmUuY28uaW4KSW5zdGFuY2VHcm91cE5hbWU6IG5vZGVzLWFwLXNvdXRoLTFhCkluc3RhbmNlR3JvdXBSb2xlOiBOb2RlCk5vZGV1cENvbmZpZ0hhc2g6IFBqYU1VNWdMd1JyOVZ4cEttb0RqY1BmcndtS0d2MVdoVUpySXJncnEzZzg9CgpfX0VPRl9LVUJFX0VOVgoKZG93bmxvYWQtcmVsZWFzZQplY2hvICI9PSBub2RldXAgbm9kZSBjb25maWcgZG9uZSA9PSIK",
            "vpc_security_group_ids": []
          },
          "sensitive_attributes": [],
          "private": "eyJzY2hlbWFfdmVyc2lvbiI6IjAifQ=="
        }
      ]
    },
    {
      "mode": "managed",
      "type": "aws_launch_template",
      "name": "lt_4",
      "provider": "provider[\"registry.terraform.io/hashicorp/aws\"]",
      "instances": [
        {
          "schema_version": 0,
          "attributes": {
            "arn": "arn:aws:ec2:ap-south-1:825194067279:launch-template/lt-0c6cd74086f0d7236",
            "block_device_mappings": [
              {
                "device_name": "/dev/xvda",
                "ebs": [
                  {
                    "delete_on_termination": "",
                    "encrypted": "",
                    "iops": 0,
                    "kms_key_id": "",
                    "snapshot_id": "",
                    "throughput": 0,
                    "volume_size": 30,
                    "volume_type": ""
                  }
                ],
                "no_device": "",
                "virtual_name": ""
              }
            ],
            "capacity_reservation_specification": [],
            "cpu_options": [],
            "credit_specification": [],
            "default_version": 1,
            "description": "",
            "disable_api_stop": false,
            "disable_api_termination": false,
            "ebs_optimized": "",
            "elastic_gpu_specifications": [],
            "elastic_inference_accelerator": [],
            "enclave_options": [],
            "hibernation_options": [],
            "iam_instance_profile": [
              {
                "arn": "arn:aws:iam::825194067279:instance-profile/ecsInstanceRole",
                "name": ""
              }
            ],
            "id": "lt-0c6cd74086f0d7236",
            "image_id": "ami-0c40583127f1b33b0",
            "instance_initiated_shutdown_behavior": "",
            "instance_market_options": [],
            "instance_requirements": [],
            "instance_type": "t2.micro",
            "kernel_id": "",
            "key_name": "stage-poc",
            "latest_version": 1,
            "license_specification": [],
            "maintenance_options": [],
            "metadata_options": [],
            "monitoring": [],
            "name": "ECSLaunchTemplate_VmuCOCKmJFEv",
            "name_prefix": "",
            "network_interfaces": [],
            "placement": [],
            "private_dns_name_options": [],
            "ram_disk_id": "",
            "security_group_names": [],
            "tag_specifications": [],
            "tags": {},
            "tags_all": {},
            "update_default_version": null,
            "user_data": "IyEvYmluL2Jhc2ggCmVjaG8gRUNTX0NMVVNURVI9cG9jLWNsdXN0ZXIgPj4gL2V0Yy9lY3MvZWNzLmNvbmZpZzs=",
            "vpc_security_group_ids": [
              "sg-a28943d8"
            ]
          },
          "sensitive_attributes": [],
          "private": "eyJzY2hlbWFfdmVyc2lvbiI6IjAifQ=="
        }
      ]
    },
    {
      "mode": "managed",
      "type": "aws_launch_template",
      "name": "lt_5",
      "provider": "provider[\"registry.terraform.io/hashicorp/aws\"]",
      "instances": [
        {
          "schema_version": 0,
          "attributes": {
            "arn": "arn:aws:ec2:ap-south-1:825194067279:launch-template/lt-06a6b11cb61655764",
            "block_device_mappings": [],
            "capacity_reservation_specification": [],
            "cpu_options": [],
            "credit_specification": [],
            "default_version": 1,
            "description": "",
            "disable_api_stop": false,
            "disable_api_termination": false,
            "ebs_optimized": "",
            "elastic_gpu_specifications": [],
            "elastic_inference_accelerator": [],
            "enclave_options": [],
            "hibernation_options": [],
            "iam_instance_profile": [
              {
                "arn": "",
                "name": "ops-ecsIntanceRole"
              }
            ],
            "id": "lt-06a6b11cb61655764",
            "image_id": "ami-078902ae8103daac8",
            "instance_initiated_shutdown_behavior": "",
            "instance_market_options": [],
            "instance_requirements": [],
            "instance_type": "",
            "kernel_id": "",
            "key_name": "test",
            "latest_version": 1,
            "license_specification": [],
            "maintenance_options": [],
            "metadata_options": [],
            "monitoring": [],
            "name": "DS-ops-ECS",
            "name_prefix": "",
            "network_interfaces": [],
            "placement": [],
            "private_dns_name_options": [],
            "ram_disk_id": "",
            "security_group_names": [],
            "tag_specifications": [],
            "tags": {},
            "tags_all": {},
            "update_default_version": null,
            "user_data": "IyEvYmluL2Jhc2gKY2F0IDw8J0VPRicgPj4gL2V0Yy9lY3MvZWNzLmNvbmZpZwpFQ1NfQ0xVU1RFUj1kcy1vcHMKRUNTX0VOQUJMRV9TUE9UX0lOU1RBTkNFX0RSQUlOSU5HPXRydWUKRUNTX0FWQUlMQUJMRV9MT0dHSU5HX0RSSVZFUlM9WyJnZWxmIiwiYXdzbG9ncyIsInN5c2xvZyIsIm5vbmUiXQpFT0YK",
            "vpc_security_group_ids": [
              "sg-03e1be5be65a178d3"
            ]
          },
          "sensitive_attributes": [],
          "private": "eyJzY2hlbWFfdmVyc2lvbiI6IjAifQ=="
        }
      ]
    },
    {
      "mode": "managed",
      "type": "aws_launch_template",
      "name": "lt_6",
      "provider": "provider[\"registry.terraform.io/hashicorp/aws\"]",
      "instances": [
        {
          "schema_version": 0,
          "attributes": {
            "arn": "arn:aws:ec2:ap-south-1:825194067279:launch-template/lt-02660391fcfc5645e",
            "block_device_mappings": [],
            "capacity_reservation_specification": [],
            "cpu_options": [],
            "credit_specification": [],
            "default_version": 1,
            "description": "",
            "disable_api_stop": false,
            "disable_api_termination": false,
            "ebs_optimized": "",
            "elastic_gpu_specifications": [],
            "elastic_inference_accelerator": [],
            "enclave_options": [],
            "hibernation_options": [],
            "iam_instance_profile": [
              {
                "arn": "",
                "name": "qa5-ecsIntanceRole"
              }
            ],
            "id": "lt-02660391fcfc5645e",
            "image_id": "ami-078902ae8103daac8",
            "instance_initiated_shutdown_behavior": "",
            "instance_market_options": [],
            "instance_requirements": [],
            "instance_type": "",
            "kernel_id": "",
            "key_name": "test",
            "latest_version": 1,
            "license_specification": [],
            "maintenance_options": [],
            "metadata_options": [],
            "monitoring": [],
            "name": "DS-qa5-ECS",
            "name_prefix": "",
            "network_interfaces": [],
            "placement": [],
            "private_dns_name_options": [],
            "ram_disk_id": "",
            "security_group_names": [],
            "tag_specifications": [],
            "tags": {},
            "tags_all": {},
            "update_default_version": null,
            "user_data": "IyEvYmluL2Jhc2gKY2F0IDw8J0VPRicgPj4gL2V0Yy9lY3MvZWNzLmNvbmZpZwpFQ1NfQ0xVU1RFUj1kcy1xYTUKRUNTX0VOQUJMRV9TUE9UX0lOU1RBTkNFX0RSQUlOSU5HPXRydWUKRUNTX0FWQUlMQUJMRV9MT0dHSU5HX0RSSVZFUlM9WyJnZWxmIiwiYXdzbG9ncyIsInN5c2xvZyIsIm5vbmUiXQpFT0YK",
            "vpc_security_group_ids": [
              "sg-0179afa6547bc04db"
            ]
          },
          "sensitive_attributes": [],
          "private": "eyJzY2hlbWFfdmVyc2lvbiI6IjAifQ=="
        }
      ]
    },
    {
      "mode": "managed",
      "type": "aws_nat_gateway",
      "name": "nat_1",
      "provider": "provider[\"registry.terraform.io/hashicorp/aws\"]",
      "instances": [
        {
          "schema_version": 0,
          "attributes": {
            "allocation_id": "eipalloc-05968c08a80526b25",
            "association_id": "eipassoc-0d65c3e571eee0fe8",
            "connectivity_type": "public",
            "id": "nat-086a962dab3bcaa46",
            "network_interface_id": "eni-0f494310b44ed4297",
            "private_ip": "172.31.25.23",
            "public_ip": "3.108.172.44",
            "secondary_allocation_ids": [],
            "secondary_private_ip_address_count": 0,
            "secondary_private_ip_addresses": [],
            "subnet_id": "subnet-60ab301b",
            "tags": {
              "Name": "test"
            },
            "tags_all": {
              "Name": "test"
            },
            "timeouts": null
          },
          "sensitive_attributes": [],
          "private": "eyJlMmJmYjczMC1lY2FhLTExZTYtOGY4OC0zNDM2M2JjN2M0YzAiOnsiY3JlYXRlIjo2MDAwMDAwMDAwMDAsImRlbGV0ZSI6MTgwMDAwMDAwMDAwMCwidXBkYXRlIjo2MDAwMDAwMDAwMDB9LCJzY2hlbWFfdmVyc2lvbiI6IjAifQ=="
        }
      ]
    },
    {
      "mode": "managed",
      "type": "aws_nat_gateway",
      "name": "nat_2",
      "provider": "provider[\"registry.terraform.io/hashicorp/aws\"]",
      "instances": [
        {
          "schema_version": 0,
          "attributes": {
            "allocation_id": "eipalloc-0c5ca943f6fa1d9df",
            "association_id": "eipassoc-03d5076fe62a5234f",
            "connectivity_type": "public",
            "id": "nat-05e3521bb60c488bd",
            "network_interface_id": "eni-04ae3bf5bbdd97c02",
            "private_ip": "172.41.1.250",
            "public_ip": "3.109.159.38",
            "secondary_allocation_ids": [],
            "secondary_private_ip_address_count": 0,
            "secondary_private_ip_addresses": [],
            "subnet_id": "subnet-0b1797afc11502503",
            "tags": {
              "Name": "sandbox-nat-gateway"
            },
            "tags_all": {
              "Name": "sandbox-nat-gateway"
            },
            "timeouts": null
          },
          "sensitive_attributes": [],
          "private": "eyJlMmJmYjczMC1lY2FhLTExZTYtOGY4OC0zNDM2M2JjN2M0YzAiOnsiY3JlYXRlIjo2MDAwMDAwMDAwMDAsImRlbGV0ZSI6MTgwMDAwMDAwMDAwMCwidXBkYXRlIjo2MDAwMDAwMDAwMDB9LCJzY2hlbWFfdmVyc2lvbiI6IjAifQ=="
        }
      ]
    },
    {
      "mode": "managed",
      "type": "aws_network_interface",
      "name": "eni_1",
      "provider": "provider[\"registry.terraform.io/hashicorp/aws\"]",
      "instances": [
        {
          "schema_version": 0,
          "attributes": {
            "arn": "arn:aws:ec2:ap-south-1:825194067279:network-interface/eni-0f494310b44ed4297",
            "attachment": [
              {
                "attachment_id": "ela-attach-0e6c478abac3167fd",
                "device_index": 1,
                "instance": ""
              }
            ],
            "description": "Interface for NAT Gateway nat-086a962dab3bcaa46",
            "enable_primary_ipv6": null,
            "id": "eni-0f494310b44ed4297",
            "interface_type": "nat_gateway",
            "ipv4_prefix_count": 0,
            "ipv4_prefixes": [],
            "ipv6_address_count": 0,
            "ipv6_address_list": [],
            "ipv6_address_list_enabled": null,
            "ipv6_addresses": [],
            "ipv6_prefix_count": 0,
            "ipv6_prefixes": [],
            "mac_address": "06:6d:f7:a9:15:50",
            "outpost_arn": "",
            "owner_id": "825194067279",
            "private_dns_name": "ip-172-31-25-23.ap-south-1.compute.internal",
            "private_ip": "172.31.25.23",
            "private_ip_list": [
              "172.31.25.23"
            ],
            "private_ip_list_enabled": null,
            "private_ips": [
              "172.31.25.23"
            ],
            "private_ips_count": 0,
            "security_groups": [],
            "source_dest_check": false,
            "subnet_id": "subnet-60ab301b",
            "tags": {},
            "tags_all": {}
          },
          "sensitive_attributes": [],
          "private": "eyJzY2hlbWFfdmVyc2lvbiI6IjAifQ=="
        }
      ]
    },
    {
      "mode": "managed",
      "type": "aws_network_interface",
      "name": "eni_2",
      "provider": "provider[\"registry.terraform.io/hashicorp/aws\"]",
      "instances": [
        {
          "schema_version": 0,
          "attributes": {
            "arn": "arn:aws:ec2:ap-south-1:825194067279:network-interface/eni-09641244b0d7b2c04",
            "attachment": [
              {
                "attachment_id": "ela-attach-084b3c85f660dfd07",
                "device_index": 1,
                "instance": ""
              }
            ],
            "description": "AWS Lambda VPC ENI-private-server-healthcheck-c12c51cb-acc7-4de9-8e70-8a5605702463",
            "enable_primary_ipv6": null,
            "id": "eni-09641244b0d7b2c04",
            "interface_type": "lambda",
            "ipv4_prefix_count": 0,
            "ipv4_prefixes": [],
            "ipv6_address_count": 0,
            "ipv6_address_list": [],
            "ipv6_address_list_enabled": null,
            "ipv6_addresses": [],
            "ipv6_prefix_count": 0,
            "ipv6_prefixes": [],
            "mac_address": "06:6d:93:0d:65:4a",
            "outpost_arn": "",
            "owner_id": "825194067279",
            "private_dns_name": "ip-172-31-28-59.ap-south-1.compute.internal",
            "private_ip": "172.31.28.59",
            "private_ip_list": [
              "172.31.28.59"
            ],
            "private_ip_list_enabled": null,
            "private_ips": [
              "172.31.28.59"
            ],
            "private_ips_count": 0,
            "security_groups": [
              "sg-0b3e74dc19295b75c"
            ],
            "source_dest_check": true,
            "subnet_id": "subnet-60ab301b",
            "tags": {},
            "tags_all": {}
          },
          "sensitive_attributes": [],
          "private": "eyJzY2hlbWFfdmVyc2lvbiI6IjAifQ=="
        }
      ]
    },
    {
      "mode": "managed",
      "type": "aws_network_interface",
      "name": "eni_3",
      "provider": "provider[\"registry.terraform.io/hashicorp/aws\"]",
      "instances": [
        {
          "schema_version": 0,
          "attributes": {
            "arn": "arn:aws:ec2:ap-south-1:825194067279:network-interface/eni-0a08c66838c3cf58c",
            "attachment": [
              {
                "attachment_id": "eni-attach-0cc8417eed110ee6f",
                "device_index": 1,
                "instance": ""
              }
            ],
            "description": "ELB app/public-alb-sandbox/de40a16358a67e68",
            "enable_primary_ipv6": null,
            "id": "eni-0a08c66838c3cf58c",
            "interface_type": "interface",
            "ipv4_prefix_count": 0,
            "ipv4_prefixes": [],
            "ipv6_address_count": 0,
            "ipv6_address_list": [],
            "ipv6_address_list_enabled": null,
            "ipv6_addresses": [],
            "ipv6_prefix_count": 0,
            "ipv6_prefixes": [],
            "mac_address": "02:a1:01:87:0a:d1",
            "outpost_arn": "",
            "owner_id": "825194067279",
            "private_dns_name": "ip-172-41-1-183.ap-south-1.compute.internal",
            "private_ip": "172.41.1.183",
            "private_ip_list": [
              "172.41.1.183"
            ],
            "private_ip_list_enabled": null,
            "private_ips": [
              "172.41.1.183"
            ],
            "private_ips_count": 0,
            "security_groups": [
              "sg-07e375a9544ca9bb6"
            ],
            "source_dest_check": true,
            "subnet_id": "subnet-0b1797afc11502503",
            "tags": {},
            "tags_all": {}
          },
          "sensitive_attributes": [],
          "private": "eyJzY2hlbWFfdmVyc2lvbiI6IjAifQ=="
        }
      ]
    },
    {
      "mode": "managed",
      "type": "aws_network_interface",
      "name": "eni_4",
      "provider": "provider[\"registry.terraform.io/hashicorp/aws\"]",
      "instances": [
        {
          "schema_version": 0,
          "attributes": {
            "arn": "arn:aws:ec2:ap-south-1:825194067279:network-interface/eni-04ae3bf5bbdd97c02",
            "attachment": [
              {
                "attachment_id": "ela-attach-05f8e850d07db9269",
                "device_index": 1,
                "instance": ""
              }
            ],
            "description": "Interface for NAT Gateway nat-05e3521bb60c488bd",
            "enable_primary_ipv6": null,
            "id": "eni-04ae3bf5bbdd97c02",
            "interface_type": "nat_gateway",
            "ipv4_prefix_count": 0,
            "ipv4_prefixes": [],
            "ipv6_address_count": 0,
            "ipv6_address_list": [],
            "ipv6_address_list_enabled": null,
            "ipv6_addresses": [],
            "ipv6_prefix_count": 0,
            "ipv6_prefixes": [],
            "mac_address": "02:43:01:cb:2d:98",
            "outpost_arn": "",
            "owner_id": "825194067279",
            "private_dns_name": "ip-172-41-1-250.ap-south-1.compute.internal",
            "private_ip": "172.41.1.250",
            "private_ip_list": [
              "172.41.1.250"
            ],
            "private_ip_list_enabled": null,
            "private_ips": [
              "172.41.1.250"
            ],
            "private_ips_count": 0,
            "security_groups": [],
            "source_dest_check": false,
            "subnet_id": "subnet-0b1797afc11502503",
            "tags": {},
            "tags_all": {}
          },
          "sensitive_attributes": [],
          "private": "eyJzY2hlbWFfdmVyc2lvbiI6IjAifQ=="
        }
      ]
    },
    {
      "mode": "managed",
      "type": "aws_route_table",
      "name": "rtb_1",
      "provider": "provider[\"registry.terraform.io/hashicorp/aws\"]",
      "instances": [
        {
          "schema_version": 0,
          "attributes": {
            "arn": "arn:aws:ec2:ap-south-1:825194067279:route-table/rtb-051ffc6a6f514bc12",
            "id": "rtb-051ffc6a6f514bc12",
            "owner_id": "825194067279",
            "propagating_vgws": [],
            "route": [
              {
                "carrier_gateway_id": "",
                "cidr_block": "0.0.0.0/0",
                "core_network_arn": "",
                "destination_prefix_list_id": "",
                "egress_only_gateway_id": "",
                "gateway_id": "igw-005d3792a28efcc18",
                "ipv6_cidr_block": "",
                "local_gateway_id": "",
                "nat_gateway_id": "",
                "network_interface_id": "",
                "transit_gateway_id": "",
                "vpc_endpoint_id": "",
                "vpc_peering_connection_id": ""
              },
              {
                "carrier_gateway_id": "",
                "cidr_block": "172.40.10.0/23",
                "core_network_arn": "",
                "destination_prefix_list_id": "",
                "egress_only_gateway_id": "",
                "gateway_id": "",
                "ipv6_cidr_block": "",
                "local_gateway_id": "",
                "nat_gateway_id": "",
                "network_interface_id": "",
                "transit_gateway_id": "",
                "vpc_endpoint_id": "",
                "vpc_peering_connection_id": "pcx-095275521d9794a94"
              },
              {
                "carrier_gateway_id": "",
                "cidr_block": "172.40.12.0/23",
                "core_network_arn": "",
                "destination_prefix_list_id": "",
                "egress_only_gateway_id": "",
                "gateway_id": "",
                "ipv6_cidr_block": "",
                "local_gateway_id": "",
                "nat_gateway_id": "",
                "network_interface_id": "",
                "transit_gateway_id": "",
                "vpc_endpoint_id": "",
                "vpc_peering_connection_id": "pcx-095275521d9794a94"
              },
              {
                "carrier_gateway_id": "",
                "cidr_block": "172.40.14.0/23",
                "core_network_arn": "",
                "destination_prefix_list_id": "",
                "egress_only_gateway_id": "",
                "gateway_id": "",
                "ipv6_cidr_block": "",
                "local_gateway_id": "",
                "nat_gateway_id": "",
                "network_interface_id": "",
                "transit_gateway_id": "",
                "vpc_endpoint_id": "",
                "vpc_peering_connection_id": "pcx-095275521d9794a94"
              }
            ],
            "tags": {
              "Name": "sandbox-public-route-table"
            },
            "tags_all": {
              "Name": "sandbox-public-route-table"
            },
            "timeouts": null,
            "vpc_id": "vpc-085be47469caf6683"
          },
          "sensitive_attributes": [],
          "private": "eyJlMmJmYjczMC1lY2FhLTExZTYtOGY4OC0zNDM2M2JjN2M0YzAiOnsiY3JlYXRlIjozMDAwMDAwMDAwMDAsImRlbGV0ZSI6MzAwMDAwMDAwMDAwLCJ1cGRhdGUiOjEyMDAwMDAwMDAwMH0sInNjaGVtYV92ZXJzaW9uIjoiMCJ9"
        }
      ]
    },
    {
      "mode": "managed",
      "type": "aws_route_table",
      "name": "rtb_2",
      "provider": "provider[\"registry.terraform.io/hashicorp/aws\"]",
      "instances": [
        {
          "schema_version": 0,
          "attributes": {
            "arn": "arn:aws:ec2:ap-south-1:825194067279:route-table/rtb-07e72f271b9a7f817",
            "id": "rtb-07e72f271b9a7f817",
            "owner_id": "825194067279",
            "propagating_vgws": [],
            "route": [],
            "tags": {},
            "tags_all": {},
            "timeouts": null,
            "vpc_id": "vpc-085be47469caf6683"
          },
          "sensitive_attributes": [],
          "private": "eyJlMmJmYjczMC1lY2FhLTExZTYtOGY4OC0zNDM2M2JjN2M0YzAiOnsiY3JlYXRlIjozMDAwMDAwMDAwMDAsImRlbGV0ZSI6MzAwMDAwMDAwMDAwLCJ1cGRhdGUiOjEyMDAwMDAwMDAwMH0sInNjaGVtYV92ZXJzaW9uIjoiMCJ9"
        }
      ]
    },
    {
      "mode": "managed",
      "type": "aws_route_table",
      "name": "rtb_3",
      "provider": "provider[\"registry.terraform.io/hashicorp/aws\"]",
      "instances": [
        {
          "schema_version": 0,
          "attributes": {
            "arn": "arn:aws:ec2:ap-south-1:825194067279:route-table/rtb-0946abcd23ca4b329",
            "id": "rtb-0946abcd23ca4b329",
            "owner_id": "825194067279",
            "propagating_vgws": [],
            "route": [
              {
                "carrier_gateway_id": "",
                "cidr_block": "0.0.0.0/0",
                "core_network_arn": "",
                "destination_prefix_list_id": "",
                "egress_only_gateway_id": "",
                "gateway_id": "",
                "ipv6_cidr_block": "",
                "local_gateway_id": "",
                "nat_gateway_id": "nat-05e3521bb60c488bd",
                "network_interface_id": "",
                "transit_gateway_id": "",
                "vpc_endpoint_id": "",
                "vpc_peering_connection_id": ""
              },
              {
                "carrier_gateway_id": "",
                "cidr_block": "172.39.0.0/16",
                "core_network_arn": "",
                "destination_prefix_list_id": "",
                "egress_only_gateway_id": "",
                "gateway_id": "",
                "ipv6_cidr_block": "",
                "local_gateway_id": "",
                "nat_gateway_id": "",
                "network_interface_id": "",
                "transit_gateway_id": "",
                "vpc_endpoint_id": "",
                "vpc_peering_connection_id": "pcx-0736867a3c0e244aa"
              },
              {
                "carrier_gateway_id": "",
                "cidr_block": "172.40.0.0/16",
                "core_network_arn": "",
                "destination_prefix_list_id": "",
                "egress_only_gateway_id": "",
                "gateway_id": "",
                "ipv6_cidr_block": "",
                "local_gateway_id": "",
                "nat_gateway_id": "",
                "network_interface_id": "",
                "transit_gateway_id": "",
                "vpc_endpoint_id": "",
                "vpc_peering_connection_id": "pcx-095275521d9794a94"
              }
            ],
            "tags": {
              "Name": "sandbox-private-route-table"
            },
            "tags_all": {
              "Name": "sandbox-private-route-table"
            },
            "timeouts": null,
            "vpc_id": "vpc-085be47469caf6683"
          },
          "sensitive_attributes": [],
          "private": "eyJlMmJmYjczMC1lY2FhLTExZTYtOGY4OC0zNDM2M2JjN2M0YzAiOnsiY3JlYXRlIjozMDAwMDAwMDAwMDAsImRlbGV0ZSI6MzAwMDAwMDAwMDAwLCJ1cGRhdGUiOjEyMDAwMDAwMDAwMH0sInNjaGVtYV92ZXJzaW9uIjoiMCJ9"
        }
      ]
    },
    {
      "mode": "managed",
      "type": "aws_route_table",
      "name": "rtb_4",
      "provider": "provider[\"registry.terraform.io/hashicorp/aws\"]",
      "instances": [
        {
          "schema_version": 0,
          "attributes": {
            "arn": "arn:aws:ec2:ap-south-1:825194067279:route-table/rtb-0d04e7cbd5a585608",
            "id": "rtb-0d04e7cbd5a585608",
            "owner_id": "825194067279",
            "propagating_vgws": [],
            "route": [
              {
                "carrier_gateway_id": "",
                "cidr_block": "0.0.0.0/0",
                "core_network_arn": "",
                "destination_prefix_list_id": "",
                "egress_only_gateway_id": "",
                "gateway_id": "",
                "ipv6_cidr_block": "",
                "local_gateway_id": "",
                "nat_gateway_id": "nat-086a962dab3bcaa46",
                "network_interface_id": "",
                "transit_gateway_id": "",
                "vpc_endpoint_id": "",
                "vpc_peering_connection_id": ""
              }
            ],
            "tags": {
              "Name": "rt-priv"
            },
            "tags_all": {
              "Name": "rt-priv"
            },
            "timeouts": null,
            "vpc_id": "vpc-ede21886"
          },
          "sensitive_attributes": [],
          "private": "eyJlMmJmYjczMC1lY2FhLTExZTYtOGY4OC0zNDM2M2JjN2M0YzAiOnsiY3JlYXRlIjozMDAwMDAwMDAwMDAsImRlbGV0ZSI6MzAwMDAwMDAwMDAwLCJ1cGRhdGUiOjEyMDAwMDAwMDAwMH0sInNjaGVtYV92ZXJzaW9uIjoiMCJ9"
        }
      ]
    },
    {
      "mode": "managed",
      "type": "aws_route_table",
      "name": "rtb_5",
      "provider": "provider[\"registry.terraform.io/hashicorp/aws\"]",
      "instances": [
        {
          "schema_version": 0,
          "attributes": {
            "arn": "arn:aws:ec2:ap-south-1:825194067279:route-table/rtb-9959e1f2",
            "id": "rtb-9959e1f2",
            "owner_id": "825194067279",
            "propagating_vgws": [],
            "route": [
              {
                "carrier_gateway_id": "",
                "cidr_block": "0.0.0.0/0",
                "core_network_arn": "",
                "destination_prefix_list_id": "",
                "egress_only_gateway_id": "",
                "gateway_id": "igw-b443d7dc",
                "ipv6_cidr_block": "",
                "local_gateway_id": "",
                "nat_gateway_id": "",
                "network_interface_id": "",
                "transit_gateway_id": "",
                "vpc_endpoint_id": "",
                "vpc_peering_connection_id": ""
              }
            ],
            "tags": {},
            "tags_all": {},
            "timeouts": null,
            "vpc_id": "vpc-ede21886"
          },
          "sensitive_attributes": [],
          "private": "eyJlMmJmYjczMC1lY2FhLTExZTYtOGY4OC0zNDM2M2JjN2M0YzAiOnsiY3JlYXRlIjozMDAwMDAwMDAwMDAsImRlbGV0ZSI6MzAwMDAwMDAwMDAwLCJ1cGRhdGUiOjEyMDAwMDAwMDAwMH0sInNjaGVtYV92ZXJzaW9uIjoiMCJ9"
        }
      ]
    },
    {
      "mode": "managed",
      "type": "aws_security_group",
      "name": "sg_1",
      "provider": "provider[\"registry.terraform.io/hashicorp/aws\"]",
      "instances": [
        {
          "schema_version": 1,
          "attributes": {
            "arn": "arn:aws:ec2:ap-south-1:825194067279:security-group/sg-0e4a4354386b511a4",
            "description": "launch-wizard-2 created 2025-02-13T10:15:35.000Z",
            "egress": [
              {
                "cidr_blocks": [
                  "0.0.0.0/0"
                ],
                "description": "",
                "from_port": 0,
                "ipv6_cidr_blocks": [],
                "prefix_list_ids": [],
                "protocol": "-1",
                "security_groups": [],
                "self": false,
                "to_port": 0
              }
            ],
            "id": "sg-0e4a4354386b511a4",
            "ingress": [
              {
                "cidr_blocks": [
                  "0.0.0.0/0"
                ],
                "description": "",
                "from_port": 22,
                "ipv6_cidr_blocks": [],
                "prefix_list_ids": [],
                "protocol": "tcp",
                "security_groups": [],
                "self": false,
                "to_port": 22
              }
            ],
            "name": "launch-wizard-2",
            "name_prefix": "",
            "owner_id": "825194067279",
            "revoke_rules_on_delete": null,
            "tags": {},
            "tags_all": {},
            "timeouts": null,
            "vpc_id": "vpc-ede21886"
          },
          "sensitive_attributes": [],
          "private": "eyJlMmJmYjczMC1lY2FhLTExZTYtOGY4OC0zNDM2M2JjN2M0YzAiOnsiY3JlYXRlIjo2MDAwMDAwMDAwMDAsImRlbGV0ZSI6OTAwMDAwMDAwMDAwfSwic2NoZW1hX3ZlcnNpb24iOiIxIn0="
        }
      ]
    },
    {
      "mode": "managed",
      "type": "aws_security_group",
      "name": "sg_10",
      "provider": "provider[\"registry.terraform.io/hashicorp/aws\"]",
      "instances": [
        {
          "schema_version": 1,
          "attributes": {
            "arn": "arn:aws:ec2:ap-south-1:825194067279:security-group/sg-0fb8697c47bd2e9fc",
            "description": "launch-wizard-10 created 2025-02-13T10:18:05.281Z",
            "egress": [
              {
                "cidr_blocks": [
                  "0.0.0.0/0"
                ],
                "description": "",
                "from_port": 0,
                "ipv6_cidr_blocks": [],
                "prefix_list_ids": [],
                "protocol": "-1",
                "security_groups": [],
                "self": false,
                "to_port": 0
              }
            ],
            "id": "sg-0fb8697c47bd2e9fc",
            "ingress": [
              {
                "cidr_blocks": [
                  "0.0.0.0/0"
                ],
                "description": "",
                "from_port": 22,
                "ipv6_cidr_blocks": [],
                "prefix_list_ids": [],
                "protocol": "tcp",
                "security_groups": [],
                "self": false,
                "to_port": 22
              }
            ],
            "name": "launch-wizard-10",
            "name_prefix": "",
            "owner_id": "825194067279",
            "revoke_rules_on_delete": null,
            "tags": {},
            "tags_all": {},
            "timeouts": null,
            "vpc_id": "vpc-ede21886"
          },
          "sensitive_attributes": [],
          "private": "eyJlMmJmYjczMC1lY2FhLTExZTYtOGY4OC0zNDM2M2JjN2M0YzAiOnsiY3JlYXRlIjo2MDAwMDAwMDAwMDAsImRlbGV0ZSI6OTAwMDAwMDAwMDAwfSwic2NoZW1hX3ZlcnNpb24iOiIxIn0="
        }
      ]
    },
    {
      "mode": "managed",
      "type": "aws_security_group",
      "name": "sg_11",
      "provider": "provider[\"registry.terraform.io/hashicorp/aws\"]",
      "instances": [
        {
          "schema_version": 1,
          "attributes": {
            "arn": "arn:aws:ec2:ap-south-1:825194067279:security-group/sg-0f2c099e1dd9ba756",
            "description": "2023-01-03T16:24:46.723Z",
            "egress": [
              {
                "cidr_blocks": [
                  "0.0.0.0/0"
                ],
                "description": "",
                "from_port": 0,
                "ipv6_cidr_blocks": [],
                "prefix_list_ids": [],
                "protocol": "-1",
                "security_groups": [],
                "self": false,
                "to_port": 0
              }
            ],
            "id": "sg-0f2c099e1dd9ba756",
            "ingress": [
              {
                "cidr_blocks": [
                  "0.0.0.0/0"
                ],
                "description": "",
                "from_port": 80,
                "ipv6_cidr_blocks": [],
                "prefix_list_ids": [],
                "protocol": "tcp",
                "security_groups": [],
                "self": false,
                "to_port": 80
              }
            ],
            "name": "env-db-8839",
            "name_prefix": "",
            "owner_id": "825194067279",
            "revoke_rules_on_delete": null,
            "tags": {},
            "tags_all": {},
            "timeouts": null,
            "vpc_id": "vpc-ede21886"
          },
          "sensitive_attributes": [],
          "private": "eyJlMmJmYjczMC1lY2FhLTExZTYtOGY4OC0zNDM2M2JjN2M0YzAiOnsiY3JlYXRlIjo2MDAwMDAwMDAwMDAsImRlbGV0ZSI6OTAwMDAwMDAwMDAwfSwic2NoZW1hX3ZlcnNpb24iOiIxIn0="
        }
      ]
    },
    {
      "mode": "managed",
      "type": "aws_security_group",
      "name": "sg_12",
      "provider": "provider[\"registry.terraform.io/hashicorp/aws\"]",
      "instances": [
        {
          "schema_version": 1,
          "attributes": {
            "arn": "arn:aws:ec2:ap-south-1:825194067279:security-group/sg-06d7a5237109f330c",
            "description": "launch-wizard-9 created 2025-02-13T10:17:44.310Z",
            "egress": [
              {
                "cidr_blocks": [
                  "0.0.0.0/0"
                ],
                "description": "",
                "from_port": 0,
                "ipv6_cidr_blocks": [],
                "prefix_list_ids": [],
                "protocol": "-1",
                "security_groups": [],
                "self": false,
                "to_port": 0
              }
            ],
            "id": "sg-06d7a5237109f330c",
            "ingress": [
              {
                "cidr_blocks": [
                  "0.0.0.0/0"
                ],
                "description": "",
                "from_port": 22,
                "ipv6_cidr_blocks": [],
                "prefix_list_ids": [],
                "protocol": "tcp",
                "security_groups": [],
                "self": false,
                "to_port": 22
              }
            ],
            "name": "launch-wizard-9",
            "name_prefix": "",
            "owner_id": "825194067279",
            "revoke_rules_on_delete": null,
            "tags": {},
            "tags_all": {},
            "timeouts": null,
            "vpc_id": "vpc-ede21886"
          },
          "sensitive_attributes": [],
          "private": "eyJlMmJmYjczMC1lY2FhLTExZTYtOGY4OC0zNDM2M2JjN2M0YzAiOnsiY3JlYXRlIjo2MDAwMDAwMDAwMDAsImRlbGV0ZSI6OTAwMDAwMDAwMDAwfSwic2NoZW1hX3ZlcnNpb24iOiIxIn0="
        }
      ]
    },
    {
      "mode": "managed",
      "type": "aws_security_group",
      "name": "sg_13",
      "provider": "provider[\"registry.terraform.io/hashicorp/aws\"]",
      "instances": [
        {
          "schema_version": 1,
          "attributes": {
            "arn": "arn:aws:ec2:ap-south-1:825194067279:security-group/sg-07a4aa7e5f0dd03b8",
            "description": "launch-wizard-4 created 2025-02-13T10:16:14.646Z",
            "egress": [
              {
                "cidr_blocks": [
                  "0.0.0.0/0"
                ],
                "description": "",
                "from_port": 0,
                "ipv6_cidr_blocks": [],
                "prefix_list_ids": [],
                "protocol": "-1",
                "security_groups": [],
                "self": false,
                "to_port": 0
              }
            ],
            "id": "sg-07a4aa7e5f0dd03b8",
            "ingress": [
              {
                "cidr_blocks": [
                  "0.0.0.0/0"
                ],
                "description": "",
                "from_port": 22,
                "ipv6_cidr_blocks": [],
                "prefix_list_ids": [],
                "protocol": "tcp",
                "security_groups": [],
                "self": false,
                "to_port": 22
              }
            ],
            "name": "launch-wizard-4",
            "name_prefix": "",
            "owner_id": "825194067279",
            "revoke_rules_on_delete": null,
            "tags": {},
            "tags_all": {},
            "timeouts": null,
            "vpc_id": "vpc-ede21886"
          },
          "sensitive_attributes": [],
          "private": "eyJlMmJmYjczMC1lY2FhLTExZTYtOGY4OC0zNDM2M2JjN2M0YzAiOnsiY3JlYXRlIjo2MDAwMDAwMDAwMDAsImRlbGV0ZSI6OTAwMDAwMDAwMDAwfSwic2NoZW1hX3ZlcnNpb24iOiIxIn0="
        }
      ]
    },
    {
      "mode": "managed",
      "type": "aws_security_group",
      "name": "sg_14",
      "provider": "provider[\"registry.terraform.io/hashicorp/aws\"]",
      "instances": [
        {
          "schema_version": 1,
          "attributes": {
            "arn": "arn:aws:ec2:ap-south-1:825194067279:security-group/sg-01d23d178c208a36c",
            "description": "launch-wizard-5 created 2025-02-13T10:16:32.919Z",
            "egress": [
              {
                "cidr_blocks": [
                  "0.0.0.0/0"
                ],
                "description": "",
                "from_port": 0,
                "ipv6_cidr_blocks": [],
                "prefix_list_ids": [],
                "protocol": "-1",
                "security_groups": [],
                "self": false,
                "to_port": 0
              }
            ],
            "id": "sg-01d23d178c208a36c",
            "ingress": [
              {
                "cidr_blocks": [
                  "0.0.0.0/0"
                ],
                "description": "",
                "from_port": 22,
                "ipv6_cidr_blocks": [],
                "prefix_list_ids": [],
                "protocol": "tcp",
                "security_groups": [],
                "self": false,
                "to_port": 22
              }
            ],
            "name": "launch-wizard-5",
            "name_prefix": "",
            "owner_id": "825194067279",
            "revoke_rules_on_delete": null,
            "tags": {},
            "tags_all": {},
            "timeouts": null,
            "vpc_id": "vpc-ede21886"
          },
          "sensitive_attributes": [],
          "private": "eyJlMmJmYjczMC1lY2FhLTExZTYtOGY4OC0zNDM2M2JjN2M0YzAiOnsiY3JlYXRlIjo2MDAwMDAwMDAwMDAsImRlbGV0ZSI6OTAwMDAwMDAwMDAwfSwic2NoZW1hX3ZlcnNpb24iOiIxIn0="
        }
      ]
    },
    {
      "mode": "managed",
      "type": "aws_security_group",
      "name": "sg_15",
      "provider": "provider[\"registry.terraform.io/hashicorp/aws\"]",
      "instances": [
        {
          "schema_version": 1,
          "attributes": {
            "arn": "arn:aws:ec2:ap-south-1:825194067279:security-group/sg-00b73f15fb503ffe1",
            "description": "launch-wizard-8 created 2025-02-13T10:17:28.984Z",
            "egress": [
              {
                "cidr_blocks": [
                  "0.0.0.0/0"
                ],
                "description": "",
                "from_port": 0,
                "ipv6_cidr_blocks": [],
                "prefix_list_ids": [],
                "protocol": "-1",
                "security_groups": [],
                "self": false,
                "to_port": 0
              }
            ],
            "id": "sg-00b73f15fb503ffe1",
            "ingress": [
              {
                "cidr_blocks": [
                  "0.0.0.0/0"
                ],
                "description": "",
                "from_port": 22,
                "ipv6_cidr_blocks": [],
                "prefix_list_ids": [],
                "protocol": "tcp",
                "security_groups": [],
                "self": false,
                "to_port": 22
              }
            ],
            "name": "launch-wizard-8",
            "name_prefix": "",
            "owner_id": "825194067279",
            "revoke_rules_on_delete": null,
            "tags": {},
            "tags_all": {},
            "timeouts": null,
            "vpc_id": "vpc-ede21886"
          },
          "sensitive_attributes": [],
          "private": "eyJlMmJmYjczMC1lY2FhLTExZTYtOGY4OC0zNDM2M2JjN2M0YzAiOnsiY3JlYXRlIjo2MDAwMDAwMDAwMDAsImRlbGV0ZSI6OTAwMDAwMDAwMDAwfSwic2NoZW1hX3ZlcnNpb24iOiIxIn0="
        }
      ]
    },
    {
      "mode": "managed",
      "type": "aws_security_group",
      "name": "sg_16",
      "provider": "provider[\"registry.terraform.io/hashicorp/aws\"]",
      "instances": [
        {
          "schema_version": 1,
          "attributes": {
            "arn": "arn:aws:ec2:ap-south-1:825194067279:security-group/sg-029f64b3b03e2db9b",
            "description": "ECS exec demo SG",
            "egress": [
              {
                "cidr_blocks": [
                  "0.0.0.0/0"
                ],
                "description": "",
                "from_port": 0,
                "ipv6_cidr_blocks": [],
                "prefix_list_ids": [],
                "protocol": "-1",
                "security_groups": [],
                "self": false,
                "to_port": 0
              }
            ],
            "id": "sg-029f64b3b03e2db9b",
            "ingress": [
              {
                "cidr_blocks": [
                  "0.0.0.0/0"
                ],
                "description": "",
                "from_port": 80,
                "ipv6_cidr_blocks": [],
                "prefix_list_ids": [],
                "protocol": "tcp",
                "security_groups": [],
                "self": false,
                "to_port": 80
              }
            ],
            "name": "ecs-exec-demo-SG",
            "name_prefix": "",
            "owner_id": "825194067279",
            "revoke_rules_on_delete": null,
            "tags": {},
            "tags_all": {},
            "timeouts": null,
            "vpc_id": "vpc-ede21886"
          },
          "sensitive_attributes": [],
          "private": "eyJlMmJmYjczMC1lY2FhLTExZTYtOGY4OC0zNDM2M2JjN2M0YzAiOnsiY3JlYXRlIjo2MDAwMDAwMDAwMDAsImRlbGV0ZSI6OTAwMDAwMDAwMDAwfSwic2NoZW1hX3ZlcnNpb24iOiIxIn0="
        }
      ]
    },
    {
      "mode": "managed",
      "type": "aws_security_group",
      "name": "sg_17",
      "provider": "provider[\"registry.terraform.io/hashicorp/aws\"]",
      "instances": [
        {
          "schema_version": 1,
          "attributes": {
            "arn": "arn:aws:ec2:ap-south-1:825194067279:security-group/sg-0b85f4cd989927ae8",
            "description": "This security group was generated by AWS Marketplace and is based on recommended settings for Netgate pfSense Plus Firewall/VPN/Router version 21.05.1 provided by Netgate",
            "egress": [
              {
                "cidr_blocks": [
                  "0.0.0.0/0"
                ],
                "description": "",
                "from_port": 0,
                "ipv6_cidr_blocks": [],
                "prefix_list_ids": [],
                "protocol": "-1",
                "security_groups": [],
                "self": false,
                "to_port": 0
              }
            ],
            "id": "sg-0b85f4cd989927ae8",
            "ingress": [
              {
                "cidr_blocks": [
                  "0.0.0.0/0"
                ],
                "description": "",
                "from_port": 443,
                "ipv6_cidr_blocks": [],
                "prefix_list_ids": [],
                "protocol": "tcp",
                "security_groups": [],
                "self": false,
                "to_port": 443
              },
              {
                "cidr_blocks": [
                  "0.0.0.0/0"
                ],
                "description": "",
                "from_port": 80,
                "ipv6_cidr_blocks": [],
                "prefix_list_ids": [],
                "protocol": "tcp",
                "security_groups": [],
                "self": false,
                "to_port": 80
              },
              {
                "cidr_blocks": [
                  "203.153.39.140/32"
                ],
                "description": "",
                "from_port": 22,
                "ipv6_cidr_blocks": [],
                "prefix_list_ids": [],
                "protocol": "tcp",
                "security_groups": [],
                "self": false,
                "to_port": 22
              }
            ],
            "name": "Netgate pfSense Plus Firewall-VPN-Router-21-05-1-AutogenByAWSMP-",
            "name_prefix": "",
            "owner_id": "825194067279",
            "revoke_rules_on_delete": null,
            "tags": {},
            "tags_all": {},
            "timeouts": null,
            "vpc_id": "vpc-ede21886"
          },
          "sensitive_attributes": [],
          "private": "eyJlMmJmYjczMC1lY2FhLTExZTYtOGY4OC0zNDM2M2JjN2M0YzAiOnsiY3JlYXRlIjo2MDAwMDAwMDAwMDAsImRlbGV0ZSI6OTAwMDAwMDAwMDAwfSwic2NoZW1hX3ZlcnNpb24iOiIxIn0="
        }
      ]
    },
    {
      "mode": "managed",
      "type": "aws_security_group",
      "name": "sg_18",
      "provider": "provider[\"registry.terraform.io/hashicorp/aws\"]",
      "instances": [
        {
          "schema_version": 1,
          "attributes": {
            "arn": "arn:aws:ec2:ap-south-1:825194067279:security-group/sg-0c06b500debf325b6",
            "description": "Allow alb  inbound traffic",
            "egress": [
              {
                "cidr_blocks": [
                  "0.0.0.0/0"
                ],
                "description": "",
                "from_port": 0,
                "ipv6_cidr_blocks": [
                  "::/0"
                ],
                "prefix_list_ids": [],
                "protocol": "-1",
                "security_groups": [],
                "self": false,
                "to_port": 0
              }
            ],
            "id": "sg-0c06b500debf325b6",
            "ingress": [
              {
                "cidr_blocks": [
                  "0.0.0.0/0"
                ],
                "description": "TLS from VPC",
                "from_port": 443,
                "ipv6_cidr_blocks": [
                  "::/0"
                ],
                "prefix_list_ids": [],
                "protocol": "tcp",
                "security_groups": [],
                "self": false,
                "to_port": 443
              },
              {
                "cidr_blocks": [
                  "0.0.0.0/0"
                ],
                "description": "TLS from VPC",
                "from_port": 80,
                "ipv6_cidr_blocks": [
                  "::/0"
                ],
                "prefix_list_ids": [],
                "protocol": "tcp",
                "security_groups": [],
                "self": false,
                "to_port": 80
              }
            ],
            "name": "ops-alb-sg",
            "name_prefix": "",
            "owner_id": "825194067279",
            "revoke_rules_on_delete": null,
            "tags": {
              "Name": "ops-alb-sg"
            },
            "tags_all": {
              "Name": "ops-alb-sg"
            },
            "timeouts": null,
            "vpc_id": "vpc-ede21886"
          },
          "sensitive_attributes": [],
          "private": "eyJlMmJmYjczMC1lY2FhLTExZTYtOGY4OC0zNDM2M2JjN2M0YzAiOnsiY3JlYXRlIjo2MDAwMDAwMDAwMDAsImRlbGV0ZSI6OTAwMDAwMDAwMDAwfSwic2NoZW1hX3ZlcnNpb24iOiIxIn0="
        }
      ]
    },
    {
      "mode": "managed",
      "type": "aws_security_group",
      "name": "sg_19",
      "provider": "provider[\"registry.terraform.io/hashicorp/aws\"]",
      "instances": [
        {
          "schema_version": 1,
          "attributes": {
            "arn": "arn:aws:ec2:ap-south-1:825194067279:security-group/sg-02e39e51ecec8c06f",
            "description": "created 2023-01-10T18:20:02.823Z",
            "egress": [
              {
                "cidr_blocks": [
                  "0.0.0.0/0"
                ],
                "description": "",
                "from_port": 0,
                "ipv6_cidr_blocks": [],
                "prefix_list_ids": [],
                "protocol": "-1",
                "security_groups": [],
                "self": false,
                "to_port": 0
              }
            ],
            "id": "sg-02e39e51ecec8c06f",
            "ingress": [
              {
                "cidr_blocks": [
                  "171.76.81.14/32",
                  "14.97.164.246/32"
                ],
                "description": "",
                "from_port": 22,
                "ipv6_cidr_blocks": [],
                "prefix_list_ids": [],
                "protocol": "tcp",
                "security_groups": [],
                "self": false,
                "to_port": 22
              },
              {
                "cidr_blocks": [
                  "171.76.81.14/32"
                ],
                "description": "",
                "from_port": 3306,
                "ipv6_cidr_blocks": [],
                "prefix_list_ids": [],
                "protocol": "tcp",
                "security_groups": [],
                "self": false,
                "to_port": 3306
              }
            ],
            "name": "poc-mysql-happyoffer-db-sg",
            "name_prefix": "",
            "owner_id": "825194067279",
            "revoke_rules_on_delete": null,
            "tags": {},
            "tags_all": {},
            "timeouts": null,
            "vpc_id": "vpc-ede21886"
          },
          "sensitive_attributes": [],
          "private": "eyJlMmJmYjczMC1lY2FhLTExZTYtOGY4OC0zNDM2M2JjN2M0YzAiOnsiY3JlYXRlIjo2MDAwMDAwMDAwMDAsImRlbGV0ZSI6OTAwMDAwMDAwMDAwfSwic2NoZW1hX3ZlcnNpb24iOiIxIn0="
        }
      ]
    },
    {
      "mode": "managed",
      "type": "aws_security_group",
      "name": "sg_2",
      "provider": "provider[\"registry.terraform.io/hashicorp/aws\"]",
      "instances": [
        {
          "schema_version": 1,
          "attributes": {
            "arn": "arn:aws:ec2:ap-south-1:825194067279:security-group/sg-04b914faeec08b516",
            "description": "Allow alb  inbound traffic",
            "egress": [
              {
                "cidr_blocks": [
                  "0.0.0.0/0"
                ],
                "description": "",
                "from_port": 0,
                "ipv6_cidr_blocks": [
                  "::/0"
                ],
                "prefix_list_ids": [],
                "protocol": "-1",
                "security_groups": [],
                "self": false,
                "to_port": 0
              }
            ],
            "id": "sg-04b914faeec08b516",
            "ingress": [
              {
                "cidr_blocks": [
                  "0.0.0.0/0"
                ],
                "description": "TLS from VPC",
                "from_port": 443,
                "ipv6_cidr_blocks": [
                  "::/0"
                ],
                "prefix_list_ids": [],
                "protocol": "tcp",
                "security_groups": [],
                "self": false,
                "to_port": 443
              },
              {
                "cidr_blocks": [
                  "0.0.0.0/0"
                ],
                "description": "TLS from VPC",
                "from_port": 80,
                "ipv6_cidr_blocks": [
                  "::/0"
                ],
                "prefix_list_ids": [],
                "protocol": "tcp",
                "security_groups": [],
                "self": false,
                "to_port": 80
              }
            ],
            "name": "nbc-alb-sg",
            "name_prefix": "",
            "owner_id": "825194067279",
            "revoke_rules_on_delete": null,
            "tags": {
              "Name": "nbc-alb-sg"
            },
            "tags_all": {
              "Name": "nbc-alb-sg"
            },
            "timeouts": null,
            "vpc_id": "vpc-ede21886"
          },
          "sensitive_attributes": [],
          "private": "eyJlMmJmYjczMC1lY2FhLTExZTYtOGY4OC0zNDM2M2JjN2M0YzAiOnsiY3JlYXRlIjo2MDAwMDAwMDAwMDAsImRlbGV0ZSI6OTAwMDAwMDAwMDAwfSwic2NoZW1hX3ZlcnNpb24iOiIxIn0="
        }
      ]
    },
    {
      "mode": "managed",
      "type": "aws_security_group",
      "name": "sg_20",
      "provider": "provider[\"registry.terraform.io/hashicorp/aws\"]",
      "instances": [
        {
          "schema_version": 1,
          "attributes": {
            "arn": "arn:aws:ec2:ap-south-1:825194067279:security-group/sg-09842153d3a05447c",
            "description": "launch-wizard-1 created 2025-02-13T10:14:49.907Z",
            "egress": [
              {
                "cidr_blocks": [
                  "0.0.0.0/0"
                ],
                "description": "",
                "from_port": 0,
                "ipv6_cidr_blocks": [],
                "prefix_list_ids": [],
                "protocol": "-1",
                "security_groups": [],
                "self": false,
                "to_port": 0
              }
            ],
            "id": "sg-09842153d3a05447c",
            "ingress": [
              {
                "cidr_blocks": [
                  "0.0.0.0/0"
                ],
                "description": "",
                "from_port": 22,
                "ipv6_cidr_blocks": [],
                "prefix_list_ids": [],
                "protocol": "tcp",
                "security_groups": [],
                "self": false,
                "to_port": 22
              }
            ],
            "name": "launch-wizard-1",
            "name_prefix": "",
            "owner_id": "825194067279",
            "revoke_rules_on_delete": null,
            "tags": {},
            "tags_all": {},
            "timeouts": null,
            "vpc_id": "vpc-ede21886"
          },
          "sensitive_attributes": [],
          "private": "eyJlMmJmYjczMC1lY2FhLTExZTYtOGY4OC0zNDM2M2JjN2M0YzAiOnsiY3JlYXRlIjo2MDAwMDAwMDAwMDAsImRlbGV0ZSI6OTAwMDAwMDAwMDAwfSwic2NoZW1hX3ZlcnNpb24iOiIxIn0="
        }
      ]
    },
    {
      "mode": "managed",
      "type": "aws_security_group",
      "name": "sg_21",
      "provider": "provider[\"registry.terraform.io/hashicorp/aws\"]",
      "instances": [
        {
          "schema_version": 1,
          "attributes": {
            "arn": "arn:aws:ec2:ap-south-1:825194067279:security-group/sg-0b3e74dc19295b75c",
            "description": "TCP: private-server-healthcheck",
            "egress": [
              {
                "cidr_blocks": [
                  "0.0.0.0/0"
                ],
                "description": "",
                "from_port": 0,
                "ipv6_cidr_blocks": [],
                "prefix_list_ids": [],
                "protocol": "-1",
                "security_groups": [],
                "self": false,
                "to_port": 0
              }
            ],
            "id": "sg-0b3e74dc19295b75c",
            "ingress": [],
            "name": "private-server-healthcheck-LAMBDASECURITYGROUP-ECRBTL60MTNT",
            "name_prefix": "",
            "owner_id": "825194067279",
            "revoke_rules_on_delete": null,
            "tags": {
              "Name": "private-server-healthcheck"
            },
            "tags_all": {
              "Name": "private-server-healthcheck"
            },
            "timeouts": null,
            "vpc_id": "vpc-ede21886"
          },
          "sensitive_attributes": [],
          "private": "eyJlMmJmYjczMC1lY2FhLTExZTYtOGY4OC0zNDM2M2JjN2M0YzAiOnsiY3JlYXRlIjo2MDAwMDAwMDAwMDAsImRlbGV0ZSI6OTAwMDAwMDAwMDAwfSwic2NoZW1hX3ZlcnNpb24iOiIxIn0="
        }
      ]
    },
    {
      "mode": "managed",
      "type": "aws_security_group",
      "name": "sg_22",
      "provider": "provider[\"registry.terraform.io/hashicorp/aws\"]",
      "instances": [
        {
          "schema_version": 1,
          "attributes": {
            "arn": "arn:aws:ec2:ap-south-1:825194067279:security-group/sg-090331f4e57723080",
            "description": "2023-01-06T18:35:13.163Z",
            "egress": [
              {
                "cidr_blocks": [
                  "0.0.0.0/0"
                ],
                "description": "",
                "from_port": 0,
                "ipv6_cidr_blocks": [],
                "prefix_list_ids": [],
                "protocol": "-1",
                "security_groups": [],
                "self": false,
                "to_port": 0
              }
            ],
            "id": "sg-090331f4e57723080",
            "ingress": [
              {
                "cidr_blocks": [
                  "0.0.0.0/0"
                ],
                "description": "",
                "from_port": 80,
                "ipv6_cidr_blocks": [],
                "prefix_list_ids": [],
                "protocol": "tcp",
                "security_groups": [],
                "self": false,
                "to_port": 80
              }
            ],
            "name": "env--v-6283",
            "name_prefix": "",
            "owner_id": "825194067279",
            "revoke_rules_on_delete": null,
            "tags": {},
            "tags_all": {},
            "timeouts": null,
            "vpc_id": "vpc-ede21886"
          },
          "sensitive_attributes": [],
          "private": "eyJlMmJmYjczMC1lY2FhLTExZTYtOGY4OC0zNDM2M2JjN2M0YzAiOnsiY3JlYXRlIjo2MDAwMDAwMDAwMDAsImRlbGV0ZSI6OTAwMDAwMDAwMDAwfSwic2NoZW1hX3ZlcnNpb24iOiIxIn0="
        }
      ]
    },
    {
      "mode": "managed",
      "type": "aws_security_group",
      "name": "sg_23",
      "provider": "provider[\"registry.terraform.io/hashicorp/aws\"]",
      "instances": [
        {
          "schema_version": 1,
          "attributes": {
            "arn": "arn:aws:ec2:ap-south-1:825194067279:security-group/sg-061dc98802543448c",
            "description": "launch-wizard-6 created 2025-02-13T10:16:54.283Z",
            "egress": [
              {
                "cidr_blocks": [
                  "0.0.0.0/0"
                ],
                "description": "",
                "from_port": 0,
                "ipv6_cidr_blocks": [],
                "prefix_list_ids": [],
                "protocol": "-1",
                "security_groups": [],
                "self": false,
                "to_port": 0
              }
            ],
            "id": "sg-061dc98802543448c",
            "ingress": [
              {
                "cidr_blocks": [
                  "0.0.0.0/0"
                ],
                "description": "",
                "from_port": 22,
                "ipv6_cidr_blocks": [],
                "prefix_list_ids": [],
                "protocol": "tcp",
                "security_groups": [],
                "self": false,
                "to_port": 22
              }
            ],
            "name": "launch-wizard-6",
            "name_prefix": "",
            "owner_id": "825194067279",
            "revoke_rules_on_delete": null,
            "tags": {},
            "tags_all": {},
            "timeouts": null,
            "vpc_id": "vpc-ede21886"
          },
          "sensitive_attributes": [],
          "private": "eyJlMmJmYjczMC1lY2FhLTExZTYtOGY4OC0zNDM2M2JjN2M0YzAiOnsiY3JlYXRlIjo2MDAwMDAwMDAwMDAsImRlbGV0ZSI6OTAwMDAwMDAwMDAwfSwic2NoZW1hX3ZlcnNpb24iOiIxIn0="
        }
      ]
    },
    {
      "mode": "managed",
      "type": "aws_security_group",
      "name": "sg_24",
      "provider": "provider[\"registry.terraform.io/hashicorp/aws\"]",
      "instances": [
        {
          "schema_version": 1,
          "attributes": {
            "arn": "arn:aws:ec2:ap-south-1:825194067279:security-group/sg-0092c9ba6ecafbaa4",
            "description": "This security group was generated by AWS Marketplace and is based on recommended settings for Netgate pfSense Plus Firewall/VPN/Router version 23.01 provided by Netgate",
            "egress": [
              {
                "cidr_blocks": [
                  "0.0.0.0/0"
                ],
                "description": "",
                "from_port": 0,
                "ipv6_cidr_blocks": [],
                "prefix_list_ids": [],
                "protocol": "-1",
                "security_groups": [],
                "self": false,
                "to_port": 0
              }
            ],
            "id": "sg-0092c9ba6ecafbaa4",
            "ingress": [
              {
                "cidr_blocks": [
                  "0.0.0.0/0"
                ],
                "description": "",
                "from_port": 1196,
                "ipv6_cidr_blocks": [],
                "prefix_list_ids": [],
                "protocol": "tcp",
                "security_groups": [],
                "self": false,
                "to_port": 1196
              },
              {
                "cidr_blocks": [
                  "0.0.0.0/0"
                ],
                "description": "",
                "from_port": 1196,
                "ipv6_cidr_blocks": [],
                "prefix_list_ids": [],
                "protocol": "udp",
                "security_groups": [],
                "self": false,
                "to_port": 1196
              },
              {
                "cidr_blocks": [
                  "0.0.0.0/0"
                ],
                "description": "",
                "from_port": 443,
                "ipv6_cidr_blocks": [],
                "prefix_list_ids": [],
                "protocol": "tcp",
                "security_groups": [],
                "self": false,
                "to_port": 443
              },
              {
                "cidr_blocks": [
                  "0.0.0.0/0"
                ],
                "description": "",
                "from_port": 80,
                "ipv6_cidr_blocks": [],
                "prefix_list_ids": [],
                "protocol": "tcp",
                "security_groups": [],
                "self": false,
                "to_port": 80
              },
              {
                "cidr_blocks": [
                  "171.76.86.51/32"
                ],
                "description": "",
                "from_port": 22,
                "ipv6_cidr_blocks": [],
                "prefix_list_ids": [],
                "protocol": "tcp",
                "security_groups": [],
                "self": false,
                "to_port": 22
              }
            ],
            "name": "Netgate pfSense Plus Firewall/VPN/Router-23.01-AutogenByAWSMP--1",
            "name_prefix": "",
            "owner_id": "825194067279",
            "revoke_rules_on_delete": null,
            "tags": {},
            "tags_all": {},
            "timeouts": null,
            "vpc_id": "vpc-085be47469caf6683"
          },
          "sensitive_attributes": [],
          "private": "eyJlMmJmYjczMC1lY2FhLTExZTYtOGY4OC0zNDM2M2JjN2M0YzAiOnsiY3JlYXRlIjo2MDAwMDAwMDAwMDAsImRlbGV0ZSI6OTAwMDAwMDAwMDAwfSwic2NoZW1hX3ZlcnNpb24iOiIxIn0="
        }
      ]
    },
    {
      "mode": "managed",
      "type": "aws_security_group",
      "name": "sg_25",
      "provider": "provider[\"registry.terraform.io/hashicorp/aws\"]",
      "instances": [
        {
          "schema_version": 1,
          "attributes": {
            "arn": "arn:aws:ec2:ap-south-1:825194067279:security-group/sg-06da6f8e55d29c7b7",
            "description": "All access to jenkins",
            "egress": [
              {
                "cidr_blocks": [
                  "0.0.0.0/0"
                ],
                "description": "",
                "from_port": 0,
                "ipv6_cidr_blocks": [],
                "prefix_list_ids": [],
                "protocol": "-1",
                "security_groups": [],
                "self": false,
                "to_port": 0
              }
            ],
            "id": "sg-06da6f8e55d29c7b7",
            "ingress": [
              {
                "cidr_blocks": [],
                "description": "",
                "from_port": 22,
                "ipv6_cidr_blocks": [],
                "prefix_list_ids": [],
                "protocol": "tcp",
                "security_groups": [
                  "432995435807/sg-07f647ee7cba331a0",
                  "sg-0092c9ba6ecafbaa4"
                ],
                "self": false,
                "to_port": 22
              },
              {
                "cidr_blocks": [],
                "description": "",
                "from_port": 8080,
                "ipv6_cidr_blocks": [],
                "prefix_list_ids": [],
                "protocol": "tcp",
                "security_groups": [
                  "sg-0092c9ba6ecafbaa4"
                ],
                "self": false,
                "to_port": 8080
              },
              {
                "cidr_blocks": [],
                "description": "alb",
                "from_port": 0,
                "ipv6_cidr_blocks": [],
                "prefix_list_ids": [],
                "protocol": "-1",
                "security_groups": [
                  "sg-07e375a9544ca9bb6"
                ],
                "self": false,
                "to_port": 0
              }
            ],
            "name": "sandbox-jenkins-sg",
            "name_prefix": "",
            "owner_id": "825194067279",
            "revoke_rules_on_delete": null,
            "tags": {},
            "tags_all": {},
            "timeouts": null,
            "vpc_id": "vpc-085be47469caf6683"
          },
          "sensitive_attributes": [],
          "private": "eyJlMmJmYjczMC1lY2FhLTExZTYtOGY4OC0zNDM2M2JjN2M0YzAiOnsiY3JlYXRlIjo2MDAwMDAwMDAwMDAsImRlbGV0ZSI6OTAwMDAwMDAwMDAwfSwic2NoZW1hX3ZlcnNpb24iOiIxIn0="
        }
      ]
    },
    {
      "mode": "managed",
      "type": "aws_security_group",
      "name": "sg_26",
      "provider": "provider[\"registry.terraform.io/hashicorp/aws\"]",
      "instances": [
        {
          "schema_version": 1,
          "attributes": {
            "arn": "arn:aws:ec2:ap-south-1:825194067279:security-group/sg-0b1f005a7a21d4c59",
            "description": "2023-01-03T16:21:46.254Z",
            "egress": [
              {
                "cidr_blocks": [
                  "0.0.0.0/0"
                ],
                "description": "",
                "from_port": 0,
                "ipv6_cidr_blocks": [],
                "prefix_list_ids": [],
                "protocol": "-1",
                "security_groups": [],
                "self": false,
                "to_port": 0
              }
            ],
            "id": "sg-0b1f005a7a21d4c59",
            "ingress": [
              {
                "cidr_blocks": [
                  "0.0.0.0/0"
                ],
                "description": "",
                "from_port": 80,
                "ipv6_cidr_blocks": [],
                "prefix_list_ids": [],
                "protocol": "tcp",
                "security_groups": [],
                "self": false,
                "to_port": 80
              }
            ],
            "name": "env-db-8178",
            "name_prefix": "",
            "owner_id": "825194067279",
            "revoke_rules_on_delete": null,
            "tags": {},
            "tags_all": {},
            "timeouts": null,
            "vpc_id": "vpc-ede21886"
          },
          "sensitive_attributes": [],
          "private": "eyJlMmJmYjczMC1lY2FhLTExZTYtOGY4OC0zNDM2M2JjN2M0YzAiOnsiY3JlYXRlIjo2MDAwMDAwMDAwMDAsImRlbGV0ZSI6OTAwMDAwMDAwMDAwfSwic2NoZW1hX3ZlcnNpb24iOiIxIn0="
        }
      ]
    },
    {
      "mode": "managed",
      "type": "aws_security_group",
      "name": "sg_27",
      "provider": "provider[\"registry.terraform.io/hashicorp/aws\"]",
      "instances": [
        {
          "schema_version": 1,
          "attributes": {
            "arn": "arn:aws:ec2:ap-south-1:825194067279:security-group/sg-0a029488e0b329849",
            "description": "Allow alb  inbound traffic",
            "egress": [
              {
                "cidr_blocks": [
                  "0.0.0.0/0"
                ],
                "description": "",
                "from_port": 0,
                "ipv6_cidr_blocks": [
                  "::/0"
                ],
                "prefix_list_ids": [],
                "protocol": "-1",
                "security_groups": [],
                "self": false,
                "to_port": 0
              }
            ],
            "id": "sg-0a029488e0b329849",
            "ingress": [
              {
                "cidr_blocks": [
                  "0.0.0.0/0"
                ],
                "description": "TLS from VPC",
                "from_port": 443,
                "ipv6_cidr_blocks": [
                  "::/0"
                ],
                "prefix_list_ids": [],
                "protocol": "tcp",
                "security_groups": [],
                "self": false,
                "to_port": 443
              },
              {
                "cidr_blocks": [
                  "0.0.0.0/0"
                ],
                "description": "TLS from VPC",
                "from_port": 80,
                "ipv6_cidr_blocks": [
                  "::/0"
                ],
                "prefix_list_ids": [],
                "protocol": "tcp",
                "security_groups": [],
                "self": false,
                "to_port": 80
              }
            ],
            "name": "qa1-alb-sg",
            "name_prefix": "",
            "owner_id": "825194067279",
            "revoke_rules_on_delete": null,
            "tags": {
              "Name": "qa1-alb-sg"
            },
            "tags_all": {
              "Name": "qa1-alb-sg"
            },
            "timeouts": null,
            "vpc_id": "vpc-ede21886"
          },
          "sensitive_attributes": [],
          "private": "eyJlMmJmYjczMC1lY2FhLTExZTYtOGY4OC0zNDM2M2JjN2M0YzAiOnsiY3JlYXRlIjo2MDAwMDAwMDAwMDAsImRlbGV0ZSI6OTAwMDAwMDAwMDAwfSwic2NoZW1hX3ZlcnNpb24iOiIxIn0="
        }
      ]
    },
    {
      "mode": "managed",
      "type": "aws_security_group",
      "name": "sg_28",
      "provider": "provider[\"registry.terraform.io/hashicorp/aws\"]",
      "instances": [
        {
          "schema_version": 1,
          "attributes": {
            "arn": "arn:aws:ec2:ap-south-1:825194067279:security-group/sg-0c32aa83e160f7295",
            "description": "2023-01-06T18:33:28.041Z",
            "egress": [
              {
                "cidr_blocks": [
                  "0.0.0.0/0"
                ],
                "description": "",
                "from_port": 0,
                "ipv6_cidr_blocks": [],
                "prefix_list_ids": [],
                "protocol": "-1",
                "security_groups": [],
                "self": false,
                "to_port": 0
              }
            ],
            "id": "sg-0c32aa83e160f7295",
            "ingress": [
              {
                "cidr_blocks": [
                  "0.0.0.0/0"
                ],
                "description": "",
                "from_port": 80,
                "ipv6_cidr_blocks": [],
                "prefix_list_ids": [],
                "protocol": "tcp",
                "security_groups": [],
                "self": false,
                "to_port": 80
              }
            ],
            "name": "env--v-3950",
            "name_prefix": "",
            "owner_id": "825194067279",
            "revoke_rules_on_delete": null,
            "tags": {},
            "tags_all": {},
            "timeouts": null,
            "vpc_id": "vpc-ede21886"
          },
          "sensitive_attributes": [],
          "private": "eyJlMmJmYjczMC1lY2FhLTExZTYtOGY4OC0zNDM2M2JjN2M0YzAiOnsiY3JlYXRlIjo2MDAwMDAwMDAwMDAsImRlbGV0ZSI6OTAwMDAwMDAwMDAwfSwic2NoZW1hX3ZlcnNpb24iOiIxIn0="
        }
      ]
    },
    {
      "mode": "managed",
      "type": "aws_security_group",
      "name": "sg_3",
      "provider": "provider[\"registry.terraform.io/hashicorp/aws\"]",
      "instances": [
        {
          "schema_version": 1,
          "attributes": {
            "arn": "arn:aws:ec2:ap-south-1:825194067279:security-group/sg-07e375a9544ca9bb6",
            "description": "default VPC security group",
            "egress": [
              {
                "cidr_blocks": [
                  "0.0.0.0/0"
                ],
                "description": "",
                "from_port": 0,
                "ipv6_cidr_blocks": [],
                "prefix_list_ids": [],
                "protocol": "-1",
                "security_groups": [],
                "self": false,
                "to_port": 0
              }
            ],
            "id": "sg-07e375a9544ca9bb6",
            "ingress": [
              {
                "cidr_blocks": [
                  "0.0.0.0/0"
                ],
                "description": "",
                "from_port": 0,
                "ipv6_cidr_blocks": [],
                "prefix_list_ids": [],
                "protocol": "-1",
                "security_groups": [],
                "self": true,
                "to_port": 0
              },
              {
                "cidr_blocks": [],
                "description": "vpn",
                "from_port": 0,
                "ipv6_cidr_blocks": [],
                "prefix_list_ids": [],
                "protocol": "-1",
                "security_groups": [
                  "sg-0092c9ba6ecafbaa4"
                ],
                "self": false,
                "to_port": 0
              }
            ],
            "name": "default",
            "name_prefix": "",
            "owner_id": "825194067279",
            "revoke_rules_on_delete": null,
            "tags": {},
            "tags_all": {},
            "timeouts": null,
            "vpc_id": "vpc-085be47469caf6683"
          },
          "sensitive_attributes": [],
          "private": "eyJlMmJmYjczMC1lY2FhLTExZTYtOGY4OC0zNDM2M2JjN2M0YzAiOnsiY3JlYXRlIjo2MDAwMDAwMDAwMDAsImRlbGV0ZSI6OTAwMDAwMDAwMDAwfSwic2NoZW1hX3ZlcnNpb24iOiIxIn0="
        }
      ]
    },
    {
      "mode": "managed",
      "type": "aws_security_group",
      "name": "sg_4",
      "provider": "provider[\"registry.terraform.io/hashicorp/aws\"]",
      "instances": [
        {
          "schema_version": 1,
          "attributes": {
            "arn": "arn:aws:ec2:ap-south-1:825194067279:security-group/sg-0730267f5c55c63ee",
            "description": "2023-01-06T18:42:46.195Z",
            "egress": [
              {
                "cidr_blocks": [
                  "0.0.0.0/0"
                ],
                "description": "",
                "from_port": 0,
                "ipv6_cidr_blocks": [],
                "prefix_list_ids": [],
                "protocol": "-1",
                "security_groups": [],
                "self": false,
                "to_port": 0
              }
            ],
            "id": "sg-0730267f5c55c63ee",
            "ingress": [
              {
                "cidr_blocks": [
                  "0.0.0.0/0"
                ],
                "description": "",
                "from_port": 80,
                "ipv6_cidr_blocks": [],
                "prefix_list_ids": [],
                "protocol": "tcp",
                "security_groups": [],
                "self": false,
                "to_port": 80
              }
            ],
            "name": "env--v-5540",
            "name_prefix": "",
            "owner_id": "825194067279",
            "revoke_rules_on_delete": null,
            "tags": {},
            "tags_all": {},
            "timeouts": null,
            "vpc_id": "vpc-ede21886"
          },
          "sensitive_attributes": [],
          "private": "eyJlMmJmYjczMC1lY2FhLTExZTYtOGY4OC0zNDM2M2JjN2M0YzAiOnsiY3JlYXRlIjo2MDAwMDAwMDAwMDAsImRlbGV0ZSI6OTAwMDAwMDAwMDAwfSwic2NoZW1hX3ZlcnNpb24iOiIxIn0="
        }
      ]
    },
    {
      "mode": "managed",
      "type": "aws_security_group",
      "name": "sg_5",
      "provider": "provider[\"registry.terraform.io/hashicorp/aws\"]",
      "instances": [
        {
          "schema_version": 1,
          "attributes": {
            "arn": "arn:aws:ec2:ap-south-1:825194067279:security-group/sg-0b547f239bbfcd0f7",
            "description": "Allow alb  inbound traffic",
            "egress": [
              {
                "cidr_blocks": [
                  "0.0.0.0/0"
                ],
                "description": "",
                "from_port": 0,
                "ipv6_cidr_blocks": [
                  "::/0"
                ],
                "prefix_list_ids": [],
                "protocol": "-1",
                "security_groups": [],
                "self": false,
                "to_port": 0
              }
            ],
            "id": "sg-0b547f239bbfcd0f7",
            "ingress": [
              {
                "cidr_blocks": [
                  "0.0.0.0/0"
                ],
                "description": "TLS from VPC",
                "from_port": 443,
                "ipv6_cidr_blocks": [
                  "::/0"
                ],
                "prefix_list_ids": [],
                "protocol": "tcp",
                "security_groups": [],
                "self": false,
                "to_port": 443
              },
              {
                "cidr_blocks": [
                  "0.0.0.0/0"
                ],
                "description": "TLS from VPC",
                "from_port": 80,
                "ipv6_cidr_blocks": [
                  "::/0"
                ],
                "prefix_list_ids": [],
                "protocol": "tcp",
                "security_groups": [],
                "self": false,
                "to_port": 80
              }
            ],
            "name": "qa5-alb-sg",
            "name_prefix": "",
            "owner_id": "825194067279",
            "revoke_rules_on_delete": null,
            "tags": {
              "Name": "qa5-alb-sg"
            },
            "tags_all": {
              "Name": "qa5-alb-sg"
            },
            "timeouts": null,
            "vpc_id": "vpc-ede21886"
          },
          "sensitive_attributes": [],
          "private": "eyJlMmJmYjczMC1lY2FhLTExZTYtOGY4OC0zNDM2M2JjN2M0YzAiOnsiY3JlYXRlIjo2MDAwMDAwMDAwMDAsImRlbGV0ZSI6OTAwMDAwMDAwMDAwfSwic2NoZW1hX3ZlcnNpb24iOiIxIn0="
        }
      ]
    },
    {
      "mode": "managed",
      "type": "aws_security_group",
      "name": "sg_6",
      "provider": "provider[\"registry.terraform.io/hashicorp/aws\"]",
      "instances": [
        {
          "schema_version": 1,
          "attributes": {
            "arn": "arn:aws:ec2:ap-south-1:825194067279:security-group/sg-074258b51b205938b",
            "description": "Allow alb  inbound traffic",
            "egress": [
              {
                "cidr_blocks": [
                  "0.0.0.0/0"
                ],
                "description": "",
                "from_port": 0,
                "ipv6_cidr_blocks": [
                  "::/0"
                ],
                "prefix_list_ids": [],
                "protocol": "-1",
                "security_groups": [],
                "self": false,
                "to_port": 0
              }
            ],
            "id": "sg-074258b51b205938b",
            "ingress": [
              {
                "cidr_blocks": [
                  "0.0.0.0/0"
                ],
                "description": "TLS from VPC",
                "from_port": 443,
                "ipv6_cidr_blocks": [
                  "::/0"
                ],
                "prefix_list_ids": [],
                "protocol": "tcp",
                "security_groups": [],
                "self": false,
                "to_port": 443
              },
              {
                "cidr_blocks": [
                  "0.0.0.0/0"
                ],
                "description": "TLS from VPC",
                "from_port": 80,
                "ipv6_cidr_blocks": [
                  "::/0"
                ],
                "prefix_list_ids": [],
                "protocol": "tcp",
                "security_groups": [],
                "self": false,
                "to_port": 80
              }
            ],
            "name": "qwert-alb-sg",
            "name_prefix": "",
            "owner_id": "825194067279",
            "revoke_rules_on_delete": null,
            "tags": {
              "Name": "qwert-alb-sg"
            },
            "tags_all": {
              "Name": "qwert-alb-sg"
            },
            "timeouts": null,
            "vpc_id": "vpc-ede21886"
          },
          "sensitive_attributes": [],
          "private": "eyJlMmJmYjczMC1lY2FhLTExZTYtOGY4OC0zNDM2M2JjN2M0YzAiOnsiY3JlYXRlIjo2MDAwMDAwMDAwMDAsImRlbGV0ZSI6OTAwMDAwMDAwMDAwfSwic2NoZW1hX3ZlcnNpb24iOiIxIn0="
        }
      ]
    },
    {
      "mode": "managed",
      "type": "aws_security_group",
      "name": "sg_7",
      "provider": "provider[\"registry.terraform.io/hashicorp/aws\"]",
      "instances": [
        {
          "schema_version": 1,
          "attributes": {
            "arn": "arn:aws:ec2:ap-south-1:825194067279:security-group/sg-a28943d8",
            "description": "default VPC security group",
            "egress": [
              {
                "cidr_blocks": [
                  "0.0.0.0/0"
                ],
                "description": "",
                "from_port": 0,
                "ipv6_cidr_blocks": [],
                "prefix_list_ids": [],
                "protocol": "-1",
                "security_groups": [],
                "self": false,
                "to_port": 0
              }
            ],
            "id": "sg-a28943d8",
            "ingress": [
              {
                "cidr_blocks": [
                  "0.0.0.0/0",
                  "59.90.54.251/32"
                ],
                "description": "",
                "from_port": 5439,
                "ipv6_cidr_blocks": [],
                "prefix_list_ids": [],
                "protocol": "tcp",
                "security_groups": [],
                "self": false,
                "to_port": 5439
              },
              {
                "cidr_blocks": [
                  "0.0.0.0/0"
                ],
                "description": "",
                "from_port": 0,
                "ipv6_cidr_blocks": [],
                "prefix_list_ids": [],
                "protocol": "-1",
                "security_groups": [],
                "self": true,
                "to_port": 0
              },
              {
                "cidr_blocks": [
                  "172.40.2.39/32"
                ],
                "description": "redash-connector",
                "from_port": 5439,
                "ipv6_cidr_blocks": [],
                "prefix_list_ids": [],
                "protocol": "tcp",
                "security_groups": [],
                "self": false,
                "to_port": 5439
              }
            ],
            "name": "default",
            "name_prefix": "",
            "owner_id": "825194067279",
            "revoke_rules_on_delete": null,
            "tags": {},
            "tags_all": {},
            "timeouts": null,
            "vpc_id": "vpc-ede21886"
          },
          "sensitive_attributes": [],
          "private": "eyJlMmJmYjczMC1lY2FhLTExZTYtOGY4OC0zNDM2M2JjN2M0YzAiOnsiY3JlYXRlIjo2MDAwMDAwMDAwMDAsImRlbGV0ZSI6OTAwMDAwMDAwMDAwfSwic2NoZW1hX3ZlcnNpb24iOiIxIn0="
        }
      ]
    },
    {
      "mode": "managed",
      "type": "aws_security_group",
      "name": "sg_8",
      "provider": "provider[\"registry.terraform.io/hashicorp/aws\"]",
      "instances": [
        {
          "schema_version": 1,
          "attributes": {
            "arn": "arn:aws:ec2:ap-south-1:825194067279:security-group/sg-04e05aaadb56564dc",
            "description": "launch-wizard-7 created 2025-02-13T10:17:11.579Z",
            "egress": [
              {
                "cidr_blocks": [
                  "0.0.0.0/0"
                ],
                "description": "",
                "from_port": 0,
                "ipv6_cidr_blocks": [],
                "prefix_list_ids": [],
                "protocol": "-1",
                "security_groups": [],
                "self": false,
                "to_port": 0
              }
            ],
            "id": "sg-04e05aaadb56564dc",
            "ingress": [
              {
                "cidr_blocks": [
                  "0.0.0.0/0"
                ],
                "description": "",
                "from_port": 22,
                "ipv6_cidr_blocks": [],
                "prefix_list_ids": [],
                "protocol": "tcp",
                "security_groups": [],
                "self": false,
                "to_port": 22
              }
            ],
            "name": "launch-wizard-7",
            "name_prefix": "",
            "owner_id": "825194067279",
            "revoke_rules_on_delete": null,
            "tags": {},
            "tags_all": {},
            "timeouts": null,
            "vpc_id": "vpc-ede21886"
          },
          "sensitive_attributes": [],
          "private": "eyJlMmJmYjczMC1lY2FhLTExZTYtOGY4OC0zNDM2M2JjN2M0YzAiOnsiY3JlYXRlIjo2MDAwMDAwMDAwMDAsImRlbGV0ZSI6OTAwMDAwMDAwMDAwfSwic2NoZW1hX3ZlcnNpb24iOiIxIn0="
        }
      ]
    },
    {
      "mode": "managed",
      "type": "aws_security_group",
      "name": "sg_9",
      "provider": "provider[\"registry.terraform.io/hashicorp/aws\"]",
      "instances": [
        {
          "schema_version": 1,
          "attributes": {
            "arn": "arn:aws:ec2:ap-south-1:825194067279:security-group/sg-0752d2588927e6de6",
            "description": "launch-wizard-3 created 2025-02-13T10:15:55.949Z",
            "egress": [
              {
                "cidr_blocks": [
                  "0.0.0.0/0"
                ],
                "description": "",
                "from_port": 0,
                "ipv6_cidr_blocks": [],
                "prefix_list_ids": [],
                "protocol": "-1",
                "security_groups": [],
                "self": false,
                "to_port": 0
              }
            ],
            "id": "sg-0752d2588927e6de6",
            "ingress": [
              {
                "cidr_blocks": [
                  "0.0.0.0/0"
                ],
                "description": "",
                "from_port": 22,
                "ipv6_cidr_blocks": [],
                "prefix_list_ids": [],
                "protocol": "tcp",
                "security_groups": [],
                "self": false,
                "to_port": 22
              }
            ],
            "name": "launch-wizard-3",
            "name_prefix": "",
            "owner_id": "825194067279",
            "revoke_rules_on_delete": null,
            "tags": {},
            "tags_all": {},
            "timeouts": null,
            "vpc_id": "vpc-ede21886"
          },
          "sensitive_attributes": [],
          "private": "eyJlMmJmYjczMC1lY2FhLTExZTYtOGY4OC0zNDM2M2JjN2M0YzAiOnsiY3JlYXRlIjo2MDAwMDAwMDAwMDAsImRlbGV0ZSI6OTAwMDAwMDAwMDAwfSwic2NoZW1hX3ZlcnNpb24iOiIxIn0="
        }
      ]
    },
    {
      "mode": "managed",
      "type": "aws_vpc",
      "name": "vpc_1",
      "provider": "provider[\"registry.terraform.io/hashicorp/aws\"]",
      "instances": [
        {
          "schema_version": 1,
          "attributes": {
            "arn": "arn:aws:ec2:ap-south-1:825194067279:vpc/vpc-085be47469caf6683",
            "assign_generated_ipv6_cidr_block": false,
            "cidr_block": "172.41.0.0/16",
            "default_network_acl_id": "acl-0ae0d513aacfab8f3",
            "default_route_table_id": "rtb-07e72f271b9a7f817",
            "default_security_group_id": "sg-07e375a9544ca9bb6",
            "dhcp_options_id": "dopt-a5b716ce",
            "enable_dns_hostnames": true,
            "enable_dns_support": true,
            "enable_network_address_usage_metrics": false,
            "id": "vpc-085be47469caf6683",
            "instance_tenancy": "default",
            "ipv4_ipam_pool_id": null,
            "ipv4_netmask_length": null,
            "ipv6_association_id": "",
            "ipv6_cidr_block": "",
            "ipv6_cidr_block_network_border_group": "",
            "ipv6_ipam_pool_id": "",
            "ipv6_netmask_length": 0,
            "main_route_table_id": "rtb-07e72f271b9a7f817",
            "owner_id": "825194067279",
            "tags": {
              "Name": "sandbox-vpc"
            },
            "tags_all": {
              "Name": "sandbox-vpc"
            }
          },
          "sensitive_attributes": [],
          "private": "eyJzY2hlbWFfdmVyc2lvbiI6IjEifQ=="
        }
      ]
    },
    {
      "mode": "managed",
      "type": "aws_vpc",
      "name": "vpc_2",
      "provider": "provider[\"registry.terraform.io/hashicorp/aws\"]",
      "instances": [
        {
          "schema_version": 1,
          "attributes": {
            "arn": "arn:aws:ec2:ap-south-1:825194067279:vpc/vpc-ede21886",
            "assign_generated_ipv6_cidr_block": false,
            "cidr_block": "172.31.0.0/16",
            "default_network_acl_id": "acl-39bf1252",
            "default_route_table_id": "rtb-9959e1f2",
            "default_security_group_id": "sg-a28943d8",
            "dhcp_options_id": "dopt-a5b716ce",
            "enable_dns_hostnames": true,
            "enable_dns_support": true,
            "enable_network_address_usage_metrics": false,
            "id": "vpc-ede21886",
            "instance_tenancy": "default",
            "ipv4_ipam_pool_id": null,
            "ipv4_netmask_length": null,
            "ipv6_association_id": "",
            "ipv6_cidr_block": "",
            "ipv6_cidr_block_network_border_group": "",
            "ipv6_ipam_pool_id": "",
            "ipv6_netmask_length": 0,
            "main_route_table_id": "rtb-9959e1f2",
            "owner_id": "825194067279",
            "tags": {},
            "tags_all": {}
          },
          "sensitive_attributes": [],
          "private": "eyJzY2hlbWFfdmVyc2lvbiI6IjEifQ=="
        }
      ]
    },
    {
      "mode": "managed",
      "type": "aws_vpc_peering_connection",
      "name": "pcx_1",
      "provider": "provider[\"registry.terraform.io/hashicorp/aws\"]",
      "instances": [
        {
          "schema_version": 0,
          "attributes": {
            "accept_status": "active",
            "accepter": [],
            "auto_accept": null,
            "id": "pcx-095275521d9794a94",
            "peer_owner_id": "432995435807",
            "peer_region": "ap-south-1",
            "peer_vpc_id": "vpc-003174ebba1f9c0b8",
            "requester": [
              {
                "allow_remote_vpc_dns_resolution": false
              }
            ],
            "tags": {
              "Name": "sandbox-to-prod-vpc-peering"
            },
            "tags_all": {
              "Name": "sandbox-to-prod-vpc-peering"
            },
            "timeouts": null,
            "vpc_id": "vpc-085be47469caf6683"
          },
          "sensitive_attributes": [],
          "private": "eyJlMmJmYjczMC1lY2FhLTExZTYtOGY4OC0zNDM2M2JjN2M0YzAiOnsiY3JlYXRlIjo2MDAwMDAwMDAwMCwiZGVsZXRlIjo2MDAwMDAwMDAwMCwidXBkYXRlIjo2MDAwMDAwMDAwMH0sInNjaGVtYV92ZXJzaW9uIjoiMCJ9"
        }
      ]
    },
    {
      "mode": "managed",
      "type": "aws_vpc_peering_connection",
      "name": "pcx_2",
      "provider": "provider[\"registry.terraform.io/hashicorp/aws\"]",
      "instances": [
        {
          "schema_version": 0,
          "attributes": {
            "accept_status": "active",
            "accepter": [],
            "auto_accept": null,
            "id": "pcx-0736867a3c0e244aa",
            "peer_owner_id": "432995435807",
            "peer_region": "ap-south-1",
            "peer_vpc_id": "vpc-0cbbeb3210e0c6b4f",
            "requester": [
              {
                "allow_remote_vpc_dns_resolution": false
              }
            ],
            "tags": {
              "Name": "sandbox-to-shared-vpc-peering"
            },
            "tags_all": {
              "Name": "sandbox-to-shared-vpc-peering"
            },
            "timeouts": null,
            "vpc_id": "vpc-085be47469caf6683"
          },
          "sensitive_attributes": [],
          "private": "eyJlMmJmYjczMC1lY2FhLTExZTYtOGY4OC0zNDM2M2JjN2M0YzAiOnsiY3JlYXRlIjo2MDAwMDAwMDAwMCwiZGVsZXRlIjo2MDAwMDAwMDAwMCwidXBkYXRlIjo2MDAwMDAwMDAwMH0sInNjaGVtYV92ZXJzaW9uIjoiMCJ9"
        }
      ]
    }
  ],
  "check_results": null
}
